// !$*UTF8*$!
{
	archiveVersion = 1;
	classes = {
	};
	objectVersion = 46;
	objects = {

/* Begin PBXBuildFile section */
		573525971E0BC8FE00EB4AAB /* AnimatableVariable.swift in Sources */ = {isa = PBXBuildFile; fileRef = 573525291E0BC8FE00EB4AAB /* AnimatableVariable.swift */; };
		573525981E0BC8FE00EB4AAB /* Animation.swift in Sources */ = {isa = PBXBuildFile; fileRef = 5735252A1E0BC8FE00EB4AAB /* Animation.swift */; };
		573525991E0BC8FE00EB4AAB /* AnimationImpl.swift in Sources */ = {isa = PBXBuildFile; fileRef = 5735252B1E0BC8FE00EB4AAB /* AnimationImpl.swift */; };
		5735259A1E0BC8FE00EB4AAB /* AnimationProducer.swift in Sources */ = {isa = PBXBuildFile; fileRef = 5735252C1E0BC8FE00EB4AAB /* AnimationProducer.swift */; };
		5735259B1E0BC8FE00EB4AAB /* AnimationUtils.swift in Sources */ = {isa = PBXBuildFile; fileRef = 5735252D1E0BC8FE00EB4AAB /* AnimationUtils.swift */; };
		5735259C1E0BC8FE00EB4AAB /* Easing.swift in Sources */ = {isa = PBXBuildFile; fileRef = 5735252E1E0BC8FE00EB4AAB /* Easing.swift */; };
		5735259D1E0BC8FE00EB4AAB /* CGExtensions.swift in Sources */ = {isa = PBXBuildFile; fileRef = 573525301E0BC8FE00EB4AAB /* CGExtensions.swift */; };
		5735259E1E0BC8FE00EB4AAB /* AnimOperators.swift in Sources */ = {isa = PBXBuildFile; fileRef = 573525321E0BC8FE00EB4AAB /* AnimOperators.swift */; };
		5735259F1E0BC8FE00EB4AAB /* DoubleInterpolation.swift in Sources */ = {isa = PBXBuildFile; fileRef = 573525331E0BC8FE00EB4AAB /* DoubleInterpolation.swift */; };
		573525A01E0BC8FE00EB4AAB /* GroupInterpolation.swift in Sources */ = {isa = PBXBuildFile; fileRef = 573525341E0BC8FE00EB4AAB /* GroupInterpolation.swift */; };
		573525A11E0BC8FE00EB4AAB /* Interpolable.swift in Sources */ = {isa = PBXBuildFile; fileRef = 573525351E0BC8FE00EB4AAB /* Interpolable.swift */; };
		573525A21E0BC8FE00EB4AAB /* TransformInterpolation.swift in Sources */ = {isa = PBXBuildFile; fileRef = 573525361E0BC8FE00EB4AAB /* TransformInterpolation.swift */; };
		573525A31E0BC8FE00EB4AAB /* FuncBounds.swift in Sources */ = {isa = PBXBuildFile; fileRef = 573525371E0BC8FE00EB4AAB /* FuncBounds.swift */; };
		573525A41E0BC8FE00EB4AAB /* PathBounds.swift in Sources */ = {isa = PBXBuildFile; fileRef = 573525381E0BC8FE00EB4AAB /* PathBounds.swift */; };
		573525A51E0BC8FE00EB4AAB /* PathFunctions.swift in Sources */ = {isa = PBXBuildFile; fileRef = 573525391E0BC8FE00EB4AAB /* PathFunctions.swift */; };
		573525A61E0BC8FE00EB4AAB /* AnimationCache.swift in Sources */ = {isa = PBXBuildFile; fileRef = 5735253D1E0BC8FE00EB4AAB /* AnimationCache.swift */; };
		573525A71E0BC8FE00EB4AAB /* AnimationRestorer.swift in Sources */ = {isa = PBXBuildFile; fileRef = 5735253E1E0BC8FE00EB4AAB /* AnimationRestorer.swift */; };
		573525A81E0BC8FE00EB4AAB /* NodeHashable.swift in Sources */ = {isa = PBXBuildFile; fileRef = 5735253F1E0BC8FE00EB4AAB /* NodeHashable.swift */; };
		573525A91E0BC8FE00EB4AAB /* TransformHashable.swift in Sources */ = {isa = PBXBuildFile; fileRef = 573525401E0BC8FE00EB4AAB /* TransformHashable.swift */; };
		573525AA1E0BC8FE00EB4AAB /* OpacityGenerator.swift in Sources */ = {isa = PBXBuildFile; fileRef = 573525411E0BC8FE00EB4AAB /* OpacityGenerator.swift */; };
		573525AB1E0BC8FE00EB4AAB /* TimingFunction.swift in Sources */ = {isa = PBXBuildFile; fileRef = 573525421E0BC8FE00EB4AAB /* TimingFunction.swift */; };
		573525AC1E0BC8FE00EB4AAB /* TransformGenerator.swift in Sources */ = {isa = PBXBuildFile; fileRef = 573525431E0BC8FE00EB4AAB /* TransformGenerator.swift */; };
		573525AD1E0BC8FE00EB4AAB /* AnimationSequence.swift in Sources */ = {isa = PBXBuildFile; fileRef = 573525441E0BC8FE00EB4AAB /* AnimationSequence.swift */; };
		573525AE1E0BC8FE00EB4AAB /* CombineAnimation.swift in Sources */ = {isa = PBXBuildFile; fileRef = 573525451E0BC8FE00EB4AAB /* CombineAnimation.swift */; };
		573525AF1E0BC8FE00EB4AAB /* ContentsAnimation.swift in Sources */ = {isa = PBXBuildFile; fileRef = 573525461E0BC8FE00EB4AAB /* ContentsAnimation.swift */; };
		573525B01E0BC8FE00EB4AAB /* OpacityAnimation.swift in Sources */ = {isa = PBXBuildFile; fileRef = 573525471E0BC8FE00EB4AAB /* OpacityAnimation.swift */; };
		573525B11E0BC8FE00EB4AAB /* TransformAnimation.swift in Sources */ = {isa = PBXBuildFile; fileRef = 573525481E0BC8FE00EB4AAB /* TransformAnimation.swift */; };
		573525B21E0BC8FE00EB4AAB /* Disposable.swift in Sources */ = {isa = PBXBuildFile; fileRef = 5735254A1E0BC8FE00EB4AAB /* Disposable.swift */; };
		573525B31E0BC8FE00EB4AAB /* GroupDisposable.swift in Sources */ = {isa = PBXBuildFile; fileRef = 5735254B1E0BC8FE00EB4AAB /* GroupDisposable.swift */; };
		573525B41E0BC8FE00EB4AAB /* Variable.swift in Sources */ = {isa = PBXBuildFile; fileRef = 5735254C1E0BC8FE00EB4AAB /* Variable.swift */; };
		573525B51E0BC8FE00EB4AAB /* Event.swift in Sources */ = {isa = PBXBuildFile; fileRef = 5735254E1E0BC8FE00EB4AAB /* Event.swift */; };
		573525B61E0BC8FE00EB4AAB /* PanEvent.swift in Sources */ = {isa = PBXBuildFile; fileRef = 5735254F1E0BC8FE00EB4AAB /* PanEvent.swift */; };
		573525B71E0BC8FE00EB4AAB /* PinchEvent.swift in Sources */ = {isa = PBXBuildFile; fileRef = 573525501E0BC8FE00EB4AAB /* PinchEvent.swift */; };
		573525B81E0BC8FE00EB4AAB /* RotateEvent.swift in Sources */ = {isa = PBXBuildFile; fileRef = 573525511E0BC8FE00EB4AAB /* RotateEvent.swift */; };
		573525B91E0BC8FE00EB4AAB /* TapEvent.swift in Sources */ = {isa = PBXBuildFile; fileRef = 573525521E0BC8FE00EB4AAB /* TapEvent.swift */; };
		573525BA1E0BC8FE00EB4AAB /* Info.plist in Resources */ = {isa = PBXBuildFile; fileRef = 573525531E0BC8FE00EB4AAB /* Info.plist */; };
		573525BB1E0BC8FE00EB4AAB /* Align.swift in Sources */ = {isa = PBXBuildFile; fileRef = 573525561E0BC8FE00EB4AAB /* Align.swift */; };
		573525BC1E0BC8FE00EB4AAB /* AspectRatio.swift in Sources */ = {isa = PBXBuildFile; fileRef = 573525571E0BC8FE00EB4AAB /* AspectRatio.swift */; };
		573525BD1E0BC8FE00EB4AAB /* Baseline.swift in Sources */ = {isa = PBXBuildFile; fileRef = 573525581E0BC8FE00EB4AAB /* Baseline.swift */; };
		573525BE1E0BC8FE00EB4AAB /* Color.swift in Sources */ = {isa = PBXBuildFile; fileRef = 573525591E0BC8FE00EB4AAB /* Color.swift */; };
		573525BF1E0BC8FE00EB4AAB /* Drawable.swift in Sources */ = {isa = PBXBuildFile; fileRef = 5735255A1E0BC8FE00EB4AAB /* Drawable.swift */; };
		573525C01E0BC8FE00EB4AAB /* DropShadow.swift in Sources */ = {isa = PBXBuildFile; fileRef = 5735255B1E0BC8FE00EB4AAB /* DropShadow.swift */; };
		573525C11E0BC8FE00EB4AAB /* Effect.swift in Sources */ = {isa = PBXBuildFile; fileRef = 5735255C1E0BC8FE00EB4AAB /* Effect.swift */; };
		573525C21E0BC8FE00EB4AAB /* Fill.swift in Sources */ = {isa = PBXBuildFile; fileRef = 5735255D1E0BC8FE00EB4AAB /* Fill.swift */; };
		573525C31E0BC8FE00EB4AAB /* Font.swift in Sources */ = {isa = PBXBuildFile; fileRef = 5735255E1E0BC8FE00EB4AAB /* Font.swift */; };
		573525C41E0BC8FE00EB4AAB /* GaussianBlur.swift in Sources */ = {isa = PBXBuildFile; fileRef = 5735255F1E0BC8FE00EB4AAB /* GaussianBlur.swift */; };
		573525C51E0BC8FE00EB4AAB /* Gradient.swift in Sources */ = {isa = PBXBuildFile; fileRef = 573525601E0BC8FE00EB4AAB /* Gradient.swift */; };
		573525C61E0BC8FE00EB4AAB /* LinearGradient.swift in Sources */ = {isa = PBXBuildFile; fileRef = 573525611E0BC8FE00EB4AAB /* LinearGradient.swift */; };
		573525C71E0BC8FE00EB4AAB /* LineCap.swift in Sources */ = {isa = PBXBuildFile; fileRef = 573525621E0BC8FE00EB4AAB /* LineCap.swift */; };
		573525C81E0BC8FE00EB4AAB /* LineJoin.swift in Sources */ = {isa = PBXBuildFile; fileRef = 573525631E0BC8FE00EB4AAB /* LineJoin.swift */; };
		573525C91E0BC8FE00EB4AAB /* RadialGradient.swift in Sources */ = {isa = PBXBuildFile; fileRef = 573525641E0BC8FE00EB4AAB /* RadialGradient.swift */; };
		573525CA1E0BC8FE00EB4AAB /* Stop.swift in Sources */ = {isa = PBXBuildFile; fileRef = 573525651E0BC8FE00EB4AAB /* Stop.swift */; };
		573525CB1E0BC8FE00EB4AAB /* Stroke.swift in Sources */ = {isa = PBXBuildFile; fileRef = 573525661E0BC8FE00EB4AAB /* Stroke.swift */; };
		573525CC1E0BC8FE00EB4AAB /* Arc.swift in Sources */ = {isa = PBXBuildFile; fileRef = 573525681E0BC8FE00EB4AAB /* Arc.swift */; };
		573525CD1E0BC8FE00EB4AAB /* Circle.swift in Sources */ = {isa = PBXBuildFile; fileRef = 573525691E0BC8FE00EB4AAB /* Circle.swift */; };
		573525CE1E0BC8FE00EB4AAB /* Ellipse.swift in Sources */ = {isa = PBXBuildFile; fileRef = 5735256A1E0BC8FE00EB4AAB /* Ellipse.swift */; };
		573525CF1E0BC8FE00EB4AAB /* GeomUtils.swift in Sources */ = {isa = PBXBuildFile; fileRef = 5735256B1E0BC8FE00EB4AAB /* GeomUtils.swift */; };
		573525D01E0BC8FE00EB4AAB /* Insets.swift in Sources */ = {isa = PBXBuildFile; fileRef = 5735256C1E0BC8FE00EB4AAB /* Insets.swift */; };
		573525D11E0BC8FE00EB4AAB /* Line.swift in Sources */ = {isa = PBXBuildFile; fileRef = 5735256D1E0BC8FE00EB4AAB /* Line.swift */; };
		573525D21E0BC8FE00EB4AAB /* Locus.swift in Sources */ = {isa = PBXBuildFile; fileRef = 5735256E1E0BC8FE00EB4AAB /* Locus.swift */; };
		573525D31E0BC8FE00EB4AAB /* MoveTo.swift in Sources */ = {isa = PBXBuildFile; fileRef = 5735256F1E0BC8FE00EB4AAB /* MoveTo.swift */; };
		573525D41E0BC8FE00EB4AAB /* Path.swift in Sources */ = {isa = PBXBuildFile; fileRef = 573525701E0BC8FE00EB4AAB /* Path.swift */; };
		573525D51E0BC8FE00EB4AAB /* PathBuilder.swift in Sources */ = {isa = PBXBuildFile; fileRef = 573525711E0BC8FE00EB4AAB /* PathBuilder.swift */; };
		573525D61E0BC8FF00EB4AAB /* PathSegment.swift in Sources */ = {isa = PBXBuildFile; fileRef = 573525721E0BC8FE00EB4AAB /* PathSegment.swift */; };
		573525D71E0BC8FF00EB4AAB /* PathSegmentType.swift in Sources */ = {isa = PBXBuildFile; fileRef = 573525731E0BC8FE00EB4AAB /* PathSegmentType.swift */; };
		573525D81E0BC8FF00EB4AAB /* Point.swift in Sources */ = {isa = PBXBuildFile; fileRef = 573525741E0BC8FE00EB4AAB /* Point.swift */; };
		573525D91E0BC8FF00EB4AAB /* Polygon.swift in Sources */ = {isa = PBXBuildFile; fileRef = 573525751E0BC8FE00EB4AAB /* Polygon.swift */; };
		573525DA1E0BC8FF00EB4AAB /* Polyline.swift in Sources */ = {isa = PBXBuildFile; fileRef = 573525761E0BC8FE00EB4AAB /* Polyline.swift */; };
		573525DB1E0BC8FF00EB4AAB /* Rect.swift in Sources */ = {isa = PBXBuildFile; fileRef = 573525771E0BC8FE00EB4AAB /* Rect.swift */; };
		573525DC1E0BC8FF00EB4AAB /* RoundRect.swift in Sources */ = {isa = PBXBuildFile; fileRef = 573525781E0BC8FE00EB4AAB /* RoundRect.swift */; };
		573525DD1E0BC8FF00EB4AAB /* Size.swift in Sources */ = {isa = PBXBuildFile; fileRef = 573525791E0BC8FE00EB4AAB /* Size.swift */; };
		573525DE1E0BC8FF00EB4AAB /* Transform.swift in Sources */ = {isa = PBXBuildFile; fileRef = 5735257A1E0BC8FE00EB4AAB /* Transform.swift */; };
		573525DF1E0BC8FF00EB4AAB /* Group.swift in Sources */ = {isa = PBXBuildFile; fileRef = 5735257C1E0BC8FE00EB4AAB /* Group.swift */; };
		573525E01E0BC8FF00EB4AAB /* Image.swift in Sources */ = {isa = PBXBuildFile; fileRef = 5735257D1E0BC8FE00EB4AAB /* Image.swift */; };
		573525E11E0BC8FF00EB4AAB /* Node.swift in Sources */ = {isa = PBXBuildFile; fileRef = 5735257E1E0BC8FE00EB4AAB /* Node.swift */; };
		573525E21E0BC8FF00EB4AAB /* Shape.swift in Sources */ = {isa = PBXBuildFile; fileRef = 5735257F1E0BC8FE00EB4AAB /* Shape.swift */; };
		573525E31E0BC8FF00EB4AAB /* Text.swift in Sources */ = {isa = PBXBuildFile; fileRef = 573525801E0BC8FE00EB4AAB /* Text.swift */; };
		573525E41E0BC8FF00EB4AAB /* GroupRenderer.swift in Sources */ = {isa = PBXBuildFile; fileRef = 573525821E0BC8FE00EB4AAB /* GroupRenderer.swift */; };
		573525E51E0BC8FF00EB4AAB /* ImageRenderer.swift in Sources */ = {isa = PBXBuildFile; fileRef = 573525831E0BC8FE00EB4AAB /* ImageRenderer.swift */; };
		573525E61E0BC8FF00EB4AAB /* NodeRenderer.swift in Sources */ = {isa = PBXBuildFile; fileRef = 573525841E0BC8FE00EB4AAB /* NodeRenderer.swift */; };
		573525E71E0BC8FF00EB4AAB /* RenderContext.swift in Sources */ = {isa = PBXBuildFile; fileRef = 573525851E0BC8FE00EB4AAB /* RenderContext.swift */; };
		573525E81E0BC8FF00EB4AAB /* RenderUtils.swift in Sources */ = {isa = PBXBuildFile; fileRef = 573525861E0BC8FE00EB4AAB /* RenderUtils.swift */; };
		573525E91E0BC8FF00EB4AAB /* ShapeRenderer.swift in Sources */ = {isa = PBXBuildFile; fileRef = 573525871E0BC8FE00EB4AAB /* ShapeRenderer.swift */; };
		573525EA1E0BC8FF00EB4AAB /* TextRenderer.swift in Sources */ = {isa = PBXBuildFile; fileRef = 573525881E0BC8FE00EB4AAB /* TextRenderer.swift */; };
		573525EB1E0BC8FF00EB4AAB /* SVGConstants.swift in Sources */ = {isa = PBXBuildFile; fileRef = 5735258A1E0BC8FE00EB4AAB /* SVGConstants.swift */; };
		573525EC1E0BC8FF00EB4AAB /* SVGParser.swift in Sources */ = {isa = PBXBuildFile; fileRef = 5735258B1E0BC8FE00EB4AAB /* SVGParser.swift */; };
		573525ED1E0BC8FF00EB4AAB /* SVGParserRegexHelper.swift in Sources */ = {isa = PBXBuildFile; fileRef = 5735258C1E0BC8FE00EB4AAB /* SVGParserRegexHelper.swift */; };
		573525EE1E0BC8FF00EB4AAB /* SVGView.swift in Sources */ = {isa = PBXBuildFile; fileRef = 5735258D1E0BC8FE00EB4AAB /* SVGView.swift */; };
		573525EF1E0BC8FF00EB4AAB /* CAAnimationClosure.swift in Sources */ = {isa = PBXBuildFile; fileRef = 5735258F1E0BC8FE00EB4AAB /* CAAnimationClosure.swift */; };
		573525F01E0BC8FF00EB4AAB /* CGFloat+Double.swift in Sources */ = {isa = PBXBuildFile; fileRef = 573525901E0BC8FE00EB4AAB /* CGFloat+Double.swift */; };
		573525F11E0BC8FF00EB4AAB /* NSTimer+Closure.swift in Sources */ = {isa = PBXBuildFile; fileRef = 573525911E0BC8FE00EB4AAB /* NSTimer+Closure.swift */; };
		573525F21E0BC8FF00EB4AAB /* MacawView.swift in Sources */ = {isa = PBXBuildFile; fileRef = 573525941E0BC8FE00EB4AAB /* MacawView.swift */; };
		573525F31E0BC8FF00EB4AAB /* NodesMap.swift in Sources */ = {isa = PBXBuildFile; fileRef = 573525951E0BC8FE00EB4AAB /* NodesMap.swift */; };
		573525F41E0BC8FF00EB4AAB /* ShapeLayer.swift in Sources */ = {isa = PBXBuildFile; fileRef = 573525961E0BC8FE00EB4AAB /* ShapeLayer.swift */; };
		57CAB1231D782DFC00FD8E47 /* TestUtils.swift in Sources */ = {isa = PBXBuildFile; fileRef = 57CAB1221D782DFC00FD8E47 /* TestUtils.swift */; };
		57CAB12E1D7832E000FD8E47 /* circle.svg in Resources */ = {isa = PBXBuildFile; fileRef = 57CAB1251D7832E000FD8E47 /* circle.svg */; };
		57CAB12F1D7832E000FD8E47 /* ellipse.svg in Resources */ = {isa = PBXBuildFile; fileRef = 57CAB1261D7832E000FD8E47 /* ellipse.svg */; };
		57CAB1301D7832E000FD8E47 /* group.svg in Resources */ = {isa = PBXBuildFile; fileRef = 57CAB1271D7832E000FD8E47 /* group.svg */; };
		57CAB1311D7832E000FD8E47 /* line.svg in Resources */ = {isa = PBXBuildFile; fileRef = 57CAB1281D7832E000FD8E47 /* line.svg */; };
		57CAB1321D7832E000FD8E47 /* polygon.svg in Resources */ = {isa = PBXBuildFile; fileRef = 57CAB1291D7832E000FD8E47 /* polygon.svg */; };
		57CAB1331D7832E000FD8E47 /* polyline.svg in Resources */ = {isa = PBXBuildFile; fileRef = 57CAB12A1D7832E000FD8E47 /* polyline.svg */; };
		57CAB1341D7832E000FD8E47 /* rect.svg in Resources */ = {isa = PBXBuildFile; fileRef = 57CAB12B1D7832E000FD8E47 /* rect.svg */; };
		57CAB1351D7832E000FD8E47 /* roundRect.svg in Resources */ = {isa = PBXBuildFile; fileRef = 57CAB12C1D7832E000FD8E47 /* roundRect.svg */; };
		57CAB1361D7832E000FD8E47 /* triangle.svg in Resources */ = {isa = PBXBuildFile; fileRef = 57CAB12D1D7832E000FD8E47 /* triangle.svg */; };
		57E559881E2C9C8E004339EB /* SWXMLHash.framework in Frameworks */ = {isa = PBXBuildFile; fileRef = 57E559871E2C9C8E004339EB /* SWXMLHash.framework */; };
		57FCD2771D76EA4600CC0FB6 /* Macaw.framework in Frameworks */ = {isa = PBXBuildFile; fileRef = 57FCD26C1D76EA4600CC0FB6 /* Macaw.framework */; };
		57FCD27C1D76EA4600CC0FB6 /* MacawTests.swift in Sources */ = {isa = PBXBuildFile; fileRef = 57FCD27B1D76EA4600CC0FB6 /* MacawTests.swift */; };
/* End PBXBuildFile section */

/* Begin PBXContainerItemProxy section */
		57FCD2781D76EA4600CC0FB6 /* PBXContainerItemProxy */ = {
			isa = PBXContainerItemProxy;
			containerPortal = 57FCD2631D76EA4600CC0FB6 /* Project object */;
			proxyType = 1;
			remoteGlobalIDString = 57FCD26B1D76EA4600CC0FB6;
			remoteInfo = Macaw;
		};
/* End PBXContainerItemProxy section */

/* Begin PBXCopyFilesBuildPhase section */
		57D202181D78047000A90D4F /* CopyFiles */ = {
			isa = PBXCopyFilesBuildPhase;
			buildActionMask = 2147483647;
			dstPath = "";
			dstSubfolderSpec = 10;
			files = (
			);
			runOnlyForDeploymentPostprocessing = 0;
		};
/* End PBXCopyFilesBuildPhase section */

/* Begin PBXFileReference section */
		573525291E0BC8FE00EB4AAB /* AnimatableVariable.swift */ = {isa = PBXFileReference; fileEncoding = 4; lastKnownFileType = sourcecode.swift; path = AnimatableVariable.swift; sourceTree = "<group>"; };
		5735252A1E0BC8FE00EB4AAB /* Animation.swift */ = {isa = PBXFileReference; fileEncoding = 4; lastKnownFileType = sourcecode.swift; path = Animation.swift; sourceTree = "<group>"; };
		5735252B1E0BC8FE00EB4AAB /* AnimationImpl.swift */ = {isa = PBXFileReference; fileEncoding = 4; lastKnownFileType = sourcecode.swift; path = AnimationImpl.swift; sourceTree = "<group>"; };
		5735252C1E0BC8FE00EB4AAB /* AnimationProducer.swift */ = {isa = PBXFileReference; fileEncoding = 4; lastKnownFileType = sourcecode.swift; path = AnimationProducer.swift; sourceTree = "<group>"; };
		5735252D1E0BC8FE00EB4AAB /* AnimationUtils.swift */ = {isa = PBXFileReference; fileEncoding = 4; lastKnownFileType = sourcecode.swift; path = AnimationUtils.swift; sourceTree = "<group>"; };
		5735252E1E0BC8FE00EB4AAB /* Easing.swift */ = {isa = PBXFileReference; fileEncoding = 4; lastKnownFileType = sourcecode.swift; path = Easing.swift; sourceTree = "<group>"; };
		573525301E0BC8FE00EB4AAB /* CGExtensions.swift */ = {isa = PBXFileReference; fileEncoding = 4; lastKnownFileType = sourcecode.swift; path = CGExtensions.swift; sourceTree = "<group>"; };
		573525321E0BC8FE00EB4AAB /* AnimOperators.swift */ = {isa = PBXFileReference; fileEncoding = 4; lastKnownFileType = sourcecode.swift; path = AnimOperators.swift; sourceTree = "<group>"; };
		573525331E0BC8FE00EB4AAB /* DoubleInterpolation.swift */ = {isa = PBXFileReference; fileEncoding = 4; lastKnownFileType = sourcecode.swift; path = DoubleInterpolation.swift; sourceTree = "<group>"; };
		573525341E0BC8FE00EB4AAB /* GroupInterpolation.swift */ = {isa = PBXFileReference; fileEncoding = 4; lastKnownFileType = sourcecode.swift; path = GroupInterpolation.swift; sourceTree = "<group>"; };
		573525351E0BC8FE00EB4AAB /* Interpolable.swift */ = {isa = PBXFileReference; fileEncoding = 4; lastKnownFileType = sourcecode.swift; path = Interpolable.swift; sourceTree = "<group>"; };
		573525361E0BC8FE00EB4AAB /* TransformInterpolation.swift */ = {isa = PBXFileReference; fileEncoding = 4; lastKnownFileType = sourcecode.swift; path = TransformInterpolation.swift; sourceTree = "<group>"; };
		573525371E0BC8FE00EB4AAB /* FuncBounds.swift */ = {isa = PBXFileReference; fileEncoding = 4; lastKnownFileType = sourcecode.swift; path = FuncBounds.swift; sourceTree = "<group>"; };
		573525381E0BC8FE00EB4AAB /* PathBounds.swift */ = {isa = PBXFileReference; fileEncoding = 4; lastKnownFileType = sourcecode.swift; path = PathBounds.swift; sourceTree = "<group>"; };
		573525391E0BC8FE00EB4AAB /* PathFunctions.swift */ = {isa = PBXFileReference; fileEncoding = 4; lastKnownFileType = sourcecode.swift; path = PathFunctions.swift; sourceTree = "<group>"; };
		5735253D1E0BC8FE00EB4AAB /* AnimationCache.swift */ = {isa = PBXFileReference; fileEncoding = 4; lastKnownFileType = sourcecode.swift; path = AnimationCache.swift; sourceTree = "<group>"; };
		5735253E1E0BC8FE00EB4AAB /* AnimationRestorer.swift */ = {isa = PBXFileReference; fileEncoding = 4; lastKnownFileType = sourcecode.swift; path = AnimationRestorer.swift; sourceTree = "<group>"; };
		5735253F1E0BC8FE00EB4AAB /* NodeHashable.swift */ = {isa = PBXFileReference; fileEncoding = 4; lastKnownFileType = sourcecode.swift; path = NodeHashable.swift; sourceTree = "<group>"; };
		573525401E0BC8FE00EB4AAB /* TransformHashable.swift */ = {isa = PBXFileReference; fileEncoding = 4; lastKnownFileType = sourcecode.swift; path = TransformHashable.swift; sourceTree = "<group>"; };
		573525411E0BC8FE00EB4AAB /* OpacityGenerator.swift */ = {isa = PBXFileReference; fileEncoding = 4; lastKnownFileType = sourcecode.swift; path = OpacityGenerator.swift; sourceTree = "<group>"; };
		573525421E0BC8FE00EB4AAB /* TimingFunction.swift */ = {isa = PBXFileReference; fileEncoding = 4; lastKnownFileType = sourcecode.swift; path = TimingFunction.swift; sourceTree = "<group>"; };
		573525431E0BC8FE00EB4AAB /* TransformGenerator.swift */ = {isa = PBXFileReference; fileEncoding = 4; lastKnownFileType = sourcecode.swift; path = TransformGenerator.swift; sourceTree = "<group>"; };
		573525441E0BC8FE00EB4AAB /* AnimationSequence.swift */ = {isa = PBXFileReference; fileEncoding = 4; lastKnownFileType = sourcecode.swift; path = AnimationSequence.swift; sourceTree = "<group>"; };
		573525451E0BC8FE00EB4AAB /* CombineAnimation.swift */ = {isa = PBXFileReference; fileEncoding = 4; lastKnownFileType = sourcecode.swift; path = CombineAnimation.swift; sourceTree = "<group>"; };
		573525461E0BC8FE00EB4AAB /* ContentsAnimation.swift */ = {isa = PBXFileReference; fileEncoding = 4; lastKnownFileType = sourcecode.swift; path = ContentsAnimation.swift; sourceTree = "<group>"; };
		573525471E0BC8FE00EB4AAB /* OpacityAnimation.swift */ = {isa = PBXFileReference; fileEncoding = 4; lastKnownFileType = sourcecode.swift; path = OpacityAnimation.swift; sourceTree = "<group>"; };
		573525481E0BC8FE00EB4AAB /* TransformAnimation.swift */ = {isa = PBXFileReference; fileEncoding = 4; lastKnownFileType = sourcecode.swift; path = TransformAnimation.swift; sourceTree = "<group>"; };
		5735254A1E0BC8FE00EB4AAB /* Disposable.swift */ = {isa = PBXFileReference; fileEncoding = 4; lastKnownFileType = sourcecode.swift; path = Disposable.swift; sourceTree = "<group>"; };
		5735254B1E0BC8FE00EB4AAB /* GroupDisposable.swift */ = {isa = PBXFileReference; fileEncoding = 4; lastKnownFileType = sourcecode.swift; path = GroupDisposable.swift; sourceTree = "<group>"; };
		5735254C1E0BC8FE00EB4AAB /* Variable.swift */ = {isa = PBXFileReference; fileEncoding = 4; lastKnownFileType = sourcecode.swift; path = Variable.swift; sourceTree = "<group>"; };
		5735254E1E0BC8FE00EB4AAB /* Event.swift */ = {isa = PBXFileReference; fileEncoding = 4; lastKnownFileType = sourcecode.swift; path = Event.swift; sourceTree = "<group>"; };
		5735254F1E0BC8FE00EB4AAB /* PanEvent.swift */ = {isa = PBXFileReference; fileEncoding = 4; lastKnownFileType = sourcecode.swift; path = PanEvent.swift; sourceTree = "<group>"; };
		573525501E0BC8FE00EB4AAB /* PinchEvent.swift */ = {isa = PBXFileReference; fileEncoding = 4; lastKnownFileType = sourcecode.swift; path = PinchEvent.swift; sourceTree = "<group>"; };
		573525511E0BC8FE00EB4AAB /* RotateEvent.swift */ = {isa = PBXFileReference; fileEncoding = 4; lastKnownFileType = sourcecode.swift; path = RotateEvent.swift; sourceTree = "<group>"; };
		573525521E0BC8FE00EB4AAB /* TapEvent.swift */ = {isa = PBXFileReference; fileEncoding = 4; lastKnownFileType = sourcecode.swift; path = TapEvent.swift; sourceTree = "<group>"; };
		573525531E0BC8FE00EB4AAB /* Info.plist */ = {isa = PBXFileReference; fileEncoding = 4; lastKnownFileType = text.plist.xml; path = Info.plist; sourceTree = "<group>"; };
		573525561E0BC8FE00EB4AAB /* Align.swift */ = {isa = PBXFileReference; fileEncoding = 4; lastKnownFileType = sourcecode.swift; path = Align.swift; sourceTree = "<group>"; };
		573525571E0BC8FE00EB4AAB /* AspectRatio.swift */ = {isa = PBXFileReference; fileEncoding = 4; lastKnownFileType = sourcecode.swift; path = AspectRatio.swift; sourceTree = "<group>"; };
		573525581E0BC8FE00EB4AAB /* Baseline.swift */ = {isa = PBXFileReference; fileEncoding = 4; lastKnownFileType = sourcecode.swift; path = Baseline.swift; sourceTree = "<group>"; };
		573525591E0BC8FE00EB4AAB /* Color.swift */ = {isa = PBXFileReference; fileEncoding = 4; lastKnownFileType = sourcecode.swift; path = Color.swift; sourceTree = "<group>"; };
		5735255A1E0BC8FE00EB4AAB /* Drawable.swift */ = {isa = PBXFileReference; fileEncoding = 4; lastKnownFileType = sourcecode.swift; path = Drawable.swift; sourceTree = "<group>"; };
		5735255B1E0BC8FE00EB4AAB /* DropShadow.swift */ = {isa = PBXFileReference; fileEncoding = 4; lastKnownFileType = sourcecode.swift; path = DropShadow.swift; sourceTree = "<group>"; };
		5735255C1E0BC8FE00EB4AAB /* Effect.swift */ = {isa = PBXFileReference; fileEncoding = 4; lastKnownFileType = sourcecode.swift; path = Effect.swift; sourceTree = "<group>"; };
		5735255D1E0BC8FE00EB4AAB /* Fill.swift */ = {isa = PBXFileReference; fileEncoding = 4; lastKnownFileType = sourcecode.swift; path = Fill.swift; sourceTree = "<group>"; };
		5735255E1E0BC8FE00EB4AAB /* Font.swift */ = {isa = PBXFileReference; fileEncoding = 4; lastKnownFileType = sourcecode.swift; path = Font.swift; sourceTree = "<group>"; };
		5735255F1E0BC8FE00EB4AAB /* GaussianBlur.swift */ = {isa = PBXFileReference; fileEncoding = 4; lastKnownFileType = sourcecode.swift; path = GaussianBlur.swift; sourceTree = "<group>"; };
		573525601E0BC8FE00EB4AAB /* Gradient.swift */ = {isa = PBXFileReference; fileEncoding = 4; lastKnownFileType = sourcecode.swift; path = Gradient.swift; sourceTree = "<group>"; };
		573525611E0BC8FE00EB4AAB /* LinearGradient.swift */ = {isa = PBXFileReference; fileEncoding = 4; lastKnownFileType = sourcecode.swift; path = LinearGradient.swift; sourceTree = "<group>"; };
		573525621E0BC8FE00EB4AAB /* LineCap.swift */ = {isa = PBXFileReference; fileEncoding = 4; lastKnownFileType = sourcecode.swift; path = LineCap.swift; sourceTree = "<group>"; };
		573525631E0BC8FE00EB4AAB /* LineJoin.swift */ = {isa = PBXFileReference; fileEncoding = 4; lastKnownFileType = sourcecode.swift; path = LineJoin.swift; sourceTree = "<group>"; };
		573525641E0BC8FE00EB4AAB /* RadialGradient.swift */ = {isa = PBXFileReference; fileEncoding = 4; lastKnownFileType = sourcecode.swift; path = RadialGradient.swift; sourceTree = "<group>"; };
		573525651E0BC8FE00EB4AAB /* Stop.swift */ = {isa = PBXFileReference; fileEncoding = 4; lastKnownFileType = sourcecode.swift; path = Stop.swift; sourceTree = "<group>"; };
		573525661E0BC8FE00EB4AAB /* Stroke.swift */ = {isa = PBXFileReference; fileEncoding = 4; lastKnownFileType = sourcecode.swift; path = Stroke.swift; sourceTree = "<group>"; };
		573525681E0BC8FE00EB4AAB /* Arc.swift */ = {isa = PBXFileReference; fileEncoding = 4; lastKnownFileType = sourcecode.swift; path = Arc.swift; sourceTree = "<group>"; };
		573525691E0BC8FE00EB4AAB /* Circle.swift */ = {isa = PBXFileReference; fileEncoding = 4; lastKnownFileType = sourcecode.swift; path = Circle.swift; sourceTree = "<group>"; };
		5735256A1E0BC8FE00EB4AAB /* Ellipse.swift */ = {isa = PBXFileReference; fileEncoding = 4; lastKnownFileType = sourcecode.swift; path = Ellipse.swift; sourceTree = "<group>"; };
		5735256B1E0BC8FE00EB4AAB /* GeomUtils.swift */ = {isa = PBXFileReference; fileEncoding = 4; lastKnownFileType = sourcecode.swift; path = GeomUtils.swift; sourceTree = "<group>"; };
		5735256C1E0BC8FE00EB4AAB /* Insets.swift */ = {isa = PBXFileReference; fileEncoding = 4; lastKnownFileType = sourcecode.swift; path = Insets.swift; sourceTree = "<group>"; };
		5735256D1E0BC8FE00EB4AAB /* Line.swift */ = {isa = PBXFileReference; fileEncoding = 4; lastKnownFileType = sourcecode.swift; path = Line.swift; sourceTree = "<group>"; };
		5735256E1E0BC8FE00EB4AAB /* Locus.swift */ = {isa = PBXFileReference; fileEncoding = 4; lastKnownFileType = sourcecode.swift; path = Locus.swift; sourceTree = "<group>"; };
		5735256F1E0BC8FE00EB4AAB /* MoveTo.swift */ = {isa = PBXFileReference; fileEncoding = 4; lastKnownFileType = sourcecode.swift; path = MoveTo.swift; sourceTree = "<group>"; };
		573525701E0BC8FE00EB4AAB /* Path.swift */ = {isa = PBXFileReference; fileEncoding = 4; lastKnownFileType = sourcecode.swift; path = Path.swift; sourceTree = "<group>"; };
		573525711E0BC8FE00EB4AAB /* PathBuilder.swift */ = {isa = PBXFileReference; fileEncoding = 4; lastKnownFileType = sourcecode.swift; path = PathBuilder.swift; sourceTree = "<group>"; };
		573525721E0BC8FE00EB4AAB /* PathSegment.swift */ = {isa = PBXFileReference; fileEncoding = 4; lastKnownFileType = sourcecode.swift; path = PathSegment.swift; sourceTree = "<group>"; };
		573525731E0BC8FE00EB4AAB /* PathSegmentType.swift */ = {isa = PBXFileReference; fileEncoding = 4; lastKnownFileType = sourcecode.swift; path = PathSegmentType.swift; sourceTree = "<group>"; };
		573525741E0BC8FE00EB4AAB /* Point.swift */ = {isa = PBXFileReference; fileEncoding = 4; lastKnownFileType = sourcecode.swift; path = Point.swift; sourceTree = "<group>"; };
		573525751E0BC8FE00EB4AAB /* Polygon.swift */ = {isa = PBXFileReference; fileEncoding = 4; lastKnownFileType = sourcecode.swift; path = Polygon.swift; sourceTree = "<group>"; };
		573525761E0BC8FE00EB4AAB /* Polyline.swift */ = {isa = PBXFileReference; fileEncoding = 4; lastKnownFileType = sourcecode.swift; path = Polyline.swift; sourceTree = "<group>"; };
		573525771E0BC8FE00EB4AAB /* Rect.swift */ = {isa = PBXFileReference; fileEncoding = 4; lastKnownFileType = sourcecode.swift; path = Rect.swift; sourceTree = "<group>"; };
		573525781E0BC8FE00EB4AAB /* RoundRect.swift */ = {isa = PBXFileReference; fileEncoding = 4; lastKnownFileType = sourcecode.swift; path = RoundRect.swift; sourceTree = "<group>"; };
		573525791E0BC8FE00EB4AAB /* Size.swift */ = {isa = PBXFileReference; fileEncoding = 4; lastKnownFileType = sourcecode.swift; path = Size.swift; sourceTree = "<group>"; };
		5735257A1E0BC8FE00EB4AAB /* Transform.swift */ = {isa = PBXFileReference; fileEncoding = 4; lastKnownFileType = sourcecode.swift; path = Transform.swift; sourceTree = "<group>"; };
		5735257C1E0BC8FE00EB4AAB /* Group.swift */ = {isa = PBXFileReference; fileEncoding = 4; lastKnownFileType = sourcecode.swift; path = Group.swift; sourceTree = "<group>"; };
		5735257D1E0BC8FE00EB4AAB /* Image.swift */ = {isa = PBXFileReference; fileEncoding = 4; lastKnownFileType = sourcecode.swift; path = Image.swift; sourceTree = "<group>"; };
		5735257E1E0BC8FE00EB4AAB /* Node.swift */ = {isa = PBXFileReference; fileEncoding = 4; lastKnownFileType = sourcecode.swift; path = Node.swift; sourceTree = "<group>"; };
		5735257F1E0BC8FE00EB4AAB /* Shape.swift */ = {isa = PBXFileReference; fileEncoding = 4; lastKnownFileType = sourcecode.swift; path = Shape.swift; sourceTree = "<group>"; };
		573525801E0BC8FE00EB4AAB /* Text.swift */ = {isa = PBXFileReference; fileEncoding = 4; lastKnownFileType = sourcecode.swift; path = Text.swift; sourceTree = "<group>"; };
		573525821E0BC8FE00EB4AAB /* GroupRenderer.swift */ = {isa = PBXFileReference; fileEncoding = 4; lastKnownFileType = sourcecode.swift; path = GroupRenderer.swift; sourceTree = "<group>"; };
		573525831E0BC8FE00EB4AAB /* ImageRenderer.swift */ = {isa = PBXFileReference; fileEncoding = 4; lastKnownFileType = sourcecode.swift; path = ImageRenderer.swift; sourceTree = "<group>"; };
		573525841E0BC8FE00EB4AAB /* NodeRenderer.swift */ = {isa = PBXFileReference; fileEncoding = 4; lastKnownFileType = sourcecode.swift; path = NodeRenderer.swift; sourceTree = "<group>"; };
		573525851E0BC8FE00EB4AAB /* RenderContext.swift */ = {isa = PBXFileReference; fileEncoding = 4; lastKnownFileType = sourcecode.swift; path = RenderContext.swift; sourceTree = "<group>"; };
		573525861E0BC8FE00EB4AAB /* RenderUtils.swift */ = {isa = PBXFileReference; fileEncoding = 4; lastKnownFileType = sourcecode.swift; path = RenderUtils.swift; sourceTree = "<group>"; };
		573525871E0BC8FE00EB4AAB /* ShapeRenderer.swift */ = {isa = PBXFileReference; fileEncoding = 4; lastKnownFileType = sourcecode.swift; path = ShapeRenderer.swift; sourceTree = "<group>"; };
		573525881E0BC8FE00EB4AAB /* TextRenderer.swift */ = {isa = PBXFileReference; fileEncoding = 4; lastKnownFileType = sourcecode.swift; path = TextRenderer.swift; sourceTree = "<group>"; };
		5735258A1E0BC8FE00EB4AAB /* SVGConstants.swift */ = {isa = PBXFileReference; fileEncoding = 4; lastKnownFileType = sourcecode.swift; path = SVGConstants.swift; sourceTree = "<group>"; };
		5735258B1E0BC8FE00EB4AAB /* SVGParser.swift */ = {isa = PBXFileReference; fileEncoding = 4; lastKnownFileType = sourcecode.swift; path = SVGParser.swift; sourceTree = "<group>"; };
		5735258C1E0BC8FE00EB4AAB /* SVGParserRegexHelper.swift */ = {isa = PBXFileReference; fileEncoding = 4; lastKnownFileType = sourcecode.swift; path = SVGParserRegexHelper.swift; sourceTree = "<group>"; };
		5735258D1E0BC8FE00EB4AAB /* SVGView.swift */ = {isa = PBXFileReference; fileEncoding = 4; lastKnownFileType = sourcecode.swift; path = SVGView.swift; sourceTree = "<group>"; };
		5735258F1E0BC8FE00EB4AAB /* CAAnimationClosure.swift */ = {isa = PBXFileReference; fileEncoding = 4; lastKnownFileType = sourcecode.swift; path = CAAnimationClosure.swift; sourceTree = "<group>"; };
		573525901E0BC8FE00EB4AAB /* CGFloat+Double.swift */ = {isa = PBXFileReference; fileEncoding = 4; lastKnownFileType = sourcecode.swift; path = "CGFloat+Double.swift"; sourceTree = "<group>"; };
		573525911E0BC8FE00EB4AAB /* NSTimer+Closure.swift */ = {isa = PBXFileReference; fileEncoding = 4; lastKnownFileType = sourcecode.swift; path = "NSTimer+Closure.swift"; sourceTree = "<group>"; };
		573525941E0BC8FE00EB4AAB /* MacawView.swift */ = {isa = PBXFileReference; fileEncoding = 4; lastKnownFileType = sourcecode.swift; path = MacawView.swift; sourceTree = "<group>"; };
		573525951E0BC8FE00EB4AAB /* NodesMap.swift */ = {isa = PBXFileReference; fileEncoding = 4; lastKnownFileType = sourcecode.swift; path = NodesMap.swift; sourceTree = "<group>"; };
		573525961E0BC8FE00EB4AAB /* ShapeLayer.swift */ = {isa = PBXFileReference; fileEncoding = 4; lastKnownFileType = sourcecode.swift; path = ShapeLayer.swift; sourceTree = "<group>"; };
		57CAB1221D782DFC00FD8E47 /* TestUtils.swift */ = {isa = PBXFileReference; fileEncoding = 4; lastKnownFileType = sourcecode.swift; path = TestUtils.swift; sourceTree = "<group>"; };
		57CAB1251D7832E000FD8E47 /* circle.svg */ = {isa = PBXFileReference; fileEncoding = 4; lastKnownFileType = text.xml; path = circle.svg; sourceTree = "<group>"; };
		57CAB1261D7832E000FD8E47 /* ellipse.svg */ = {isa = PBXFileReference; fileEncoding = 4; lastKnownFileType = text.xml; path = ellipse.svg; sourceTree = "<group>"; };
		57CAB1271D7832E000FD8E47 /* group.svg */ = {isa = PBXFileReference; fileEncoding = 4; lastKnownFileType = text.xml; path = group.svg; sourceTree = "<group>"; };
		57CAB1281D7832E000FD8E47 /* line.svg */ = {isa = PBXFileReference; fileEncoding = 4; lastKnownFileType = text.xml; path = line.svg; sourceTree = "<group>"; };
		57CAB1291D7832E000FD8E47 /* polygon.svg */ = {isa = PBXFileReference; fileEncoding = 4; lastKnownFileType = text.xml; path = polygon.svg; sourceTree = "<group>"; };
		57CAB12A1D7832E000FD8E47 /* polyline.svg */ = {isa = PBXFileReference; fileEncoding = 4; lastKnownFileType = text.xml; path = polyline.svg; sourceTree = "<group>"; };
		57CAB12B1D7832E000FD8E47 /* rect.svg */ = {isa = PBXFileReference; fileEncoding = 4; lastKnownFileType = text.xml; path = rect.svg; sourceTree = "<group>"; };
		57CAB12C1D7832E000FD8E47 /* roundRect.svg */ = {isa = PBXFileReference; fileEncoding = 4; lastKnownFileType = text.xml; path = roundRect.svg; sourceTree = "<group>"; };
		57CAB12D1D7832E000FD8E47 /* triangle.svg */ = {isa = PBXFileReference; fileEncoding = 4; lastKnownFileType = text.xml; path = triangle.svg; sourceTree = "<group>"; };
		57E559871E2C9C8E004339EB /* SWXMLHash.framework */ = {isa = PBXFileReference; lastKnownFileType = wrapper.framework; name = SWXMLHash.framework; path = Carthage/Build/iOS/SWXMLHash.framework; sourceTree = SOURCE_ROOT; };
		57FCD26C1D76EA4600CC0FB6 /* Macaw.framework */ = {isa = PBXFileReference; explicitFileType = wrapper.framework; includeInIndex = 0; path = Macaw.framework; sourceTree = BUILT_PRODUCTS_DIR; };
		57FCD2761D76EA4600CC0FB6 /* MacawTests.xctest */ = {isa = PBXFileReference; explicitFileType = wrapper.cfbundle; includeInIndex = 0; path = MacawTests.xctest; sourceTree = BUILT_PRODUCTS_DIR; };
		57FCD27B1D76EA4600CC0FB6 /* MacawTests.swift */ = {isa = PBXFileReference; lastKnownFileType = sourcecode.swift; path = MacawTests.swift; sourceTree = "<group>"; };
		57FCD27D1D76EA4600CC0FB6 /* Info.plist */ = {isa = PBXFileReference; lastKnownFileType = text.plist.xml; path = Info.plist; sourceTree = "<group>"; };
/* End PBXFileReference section */

/* Begin PBXFrameworksBuildPhase section */
		57FCD2681D76EA4600CC0FB6 /* Frameworks */ = {
			isa = PBXFrameworksBuildPhase;
			buildActionMask = 2147483647;
			files = (
				57E559881E2C9C8E004339EB /* SWXMLHash.framework in Frameworks */,
			);
			runOnlyForDeploymentPostprocessing = 0;
		};
		57FCD2731D76EA4600CC0FB6 /* Frameworks */ = {
			isa = PBXFrameworksBuildPhase;
			buildActionMask = 2147483647;
			files = (
				57FCD2771D76EA4600CC0FB6 /* Macaw.framework in Frameworks */,
			);
			runOnlyForDeploymentPostprocessing = 0;
		};
/* End PBXFrameworksBuildPhase section */

/* Begin PBXGroup section */
		573525271E0BC8FE00EB4AAB /* Source */ = {
			isa = PBXGroup;
			children = (
				573525281E0BC8FE00EB4AAB /* animation */,
				573525491E0BC8FE00EB4AAB /* bindings */,
				5735254D1E0BC8FE00EB4AAB /* events */,
				573525531E0BC8FE00EB4AAB /* Info.plist */,
				573525541E0BC8FE00EB4AAB /* model */,
				573525811E0BC8FE00EB4AAB /* render */,
				573525891E0BC8FE00EB4AAB /* svg */,
				5735258E1E0BC8FE00EB4AAB /* thirdparty */,
				573525931E0BC8FE00EB4AAB /* views */,
			);
			path = Source;
			sourceTree = SOURCE_ROOT;
		};
		573525281E0BC8FE00EB4AAB /* animation */ = {
			isa = PBXGroup;
			children = (
				573525291E0BC8FE00EB4AAB /* AnimatableVariable.swift */,
				5735252A1E0BC8FE00EB4AAB /* Animation.swift */,
				5735252B1E0BC8FE00EB4AAB /* AnimationImpl.swift */,
				5735252C1E0BC8FE00EB4AAB /* AnimationProducer.swift */,
				5735252D1E0BC8FE00EB4AAB /* AnimationUtils.swift */,
				5735252E1E0BC8FE00EB4AAB /* Easing.swift */,
				5735252F1E0BC8FE00EB4AAB /* layer_animation */,
				5735253A1E0BC8FE00EB4AAB /* types */,
			);
			path = animation;
			sourceTree = "<group>";
		};
		5735252F1E0BC8FE00EB4AAB /* layer_animation */ = {
			isa = PBXGroup;
			children = (
				573525301E0BC8FE00EB4AAB /* CGExtensions.swift */,
				573525311E0BC8FE00EB4AAB /* Extensions */,
				573525371E0BC8FE00EB4AAB /* FuncBounds.swift */,
				573525381E0BC8FE00EB4AAB /* PathBounds.swift */,
				573525391E0BC8FE00EB4AAB /* PathFunctions.swift */,
			);
			path = layer_animation;
			sourceTree = "<group>";
		};
		573525311E0BC8FE00EB4AAB /* Extensions */ = {
			isa = PBXGroup;
			children = (
				573525321E0BC8FE00EB4AAB /* AnimOperators.swift */,
				573525331E0BC8FE00EB4AAB /* DoubleInterpolation.swift */,
				573525341E0BC8FE00EB4AAB /* GroupInterpolation.swift */,
				573525351E0BC8FE00EB4AAB /* Interpolable.swift */,
				573525361E0BC8FE00EB4AAB /* TransformInterpolation.swift */,
			);
			path = Extensions;
			sourceTree = "<group>";
		};
		5735253A1E0BC8FE00EB4AAB /* types */ = {
			isa = PBXGroup;
			children = (
				5735253B1E0BC8FE00EB4AAB /* animation_generators */,
				573525441E0BC8FE00EB4AAB /* AnimationSequence.swift */,
				573525451E0BC8FE00EB4AAB /* CombineAnimation.swift */,
				573525461E0BC8FE00EB4AAB /* ContentsAnimation.swift */,
				573525471E0BC8FE00EB4AAB /* OpacityAnimation.swift */,
				573525481E0BC8FE00EB4AAB /* TransformAnimation.swift */,
			);
			path = types;
			sourceTree = "<group>";
		};
		5735253B1E0BC8FE00EB4AAB /* animation_generators */ = {
			isa = PBXGroup;
			children = (
				5735253C1E0BC8FE00EB4AAB /* Cache */,
				573525411E0BC8FE00EB4AAB /* OpacityGenerator.swift */,
				573525421E0BC8FE00EB4AAB /* TimingFunction.swift */,
				573525431E0BC8FE00EB4AAB /* TransformGenerator.swift */,
			);
			path = animation_generators;
			sourceTree = "<group>";
		};
		5735253C1E0BC8FE00EB4AAB /* Cache */ = {
			isa = PBXGroup;
			children = (
				5735253D1E0BC8FE00EB4AAB /* AnimationCache.swift */,
				5735253E1E0BC8FE00EB4AAB /* AnimationRestorer.swift */,
				5735253F1E0BC8FE00EB4AAB /* NodeHashable.swift */,
				573525401E0BC8FE00EB4AAB /* TransformHashable.swift */,
			);
			path = Cache;
			sourceTree = "<group>";
		};
		573525491E0BC8FE00EB4AAB /* bindings */ = {
			isa = PBXGroup;
			children = (
				5735254A1E0BC8FE00EB4AAB /* Disposable.swift */,
				5735254B1E0BC8FE00EB4AAB /* GroupDisposable.swift */,
				5735254C1E0BC8FE00EB4AAB /* Variable.swift */,
			);
			path = bindings;
			sourceTree = "<group>";
		};
		5735254D1E0BC8FE00EB4AAB /* events */ = {
			isa = PBXGroup;
			children = (
				5735254E1E0BC8FE00EB4AAB /* Event.swift */,
				5735254F1E0BC8FE00EB4AAB /* PanEvent.swift */,
				573525501E0BC8FE00EB4AAB /* PinchEvent.swift */,
				573525511E0BC8FE00EB4AAB /* RotateEvent.swift */,
				573525521E0BC8FE00EB4AAB /* TapEvent.swift */,
			);
			path = events;
			sourceTree = "<group>";
		};
		573525541E0BC8FE00EB4AAB /* model */ = {
			isa = PBXGroup;
			children = (
				573525551E0BC8FE00EB4AAB /* draw */,
				573525671E0BC8FE00EB4AAB /* geom2d */,
				5735257B1E0BC8FE00EB4AAB /* scene */,
			);
			path = model;
			sourceTree = "<group>";
		};
		573525551E0BC8FE00EB4AAB /* draw */ = {
			isa = PBXGroup;
			children = (
				573525561E0BC8FE00EB4AAB /* Align.swift */,
				573525571E0BC8FE00EB4AAB /* AspectRatio.swift */,
				573525581E0BC8FE00EB4AAB /* Baseline.swift */,
				573525591E0BC8FE00EB4AAB /* Color.swift */,
				5735255A1E0BC8FE00EB4AAB /* Drawable.swift */,
				5735255B1E0BC8FE00EB4AAB /* DropShadow.swift */,
				5735255C1E0BC8FE00EB4AAB /* Effect.swift */,
				5735255D1E0BC8FE00EB4AAB /* Fill.swift */,
				5735255E1E0BC8FE00EB4AAB /* Font.swift */,
				5735255F1E0BC8FE00EB4AAB /* GaussianBlur.swift */,
				573525601E0BC8FE00EB4AAB /* Gradient.swift */,
				573525611E0BC8FE00EB4AAB /* LinearGradient.swift */,
				573525621E0BC8FE00EB4AAB /* LineCap.swift */,
				573525631E0BC8FE00EB4AAB /* LineJoin.swift */,
				573525641E0BC8FE00EB4AAB /* RadialGradient.swift */,
				573525651E0BC8FE00EB4AAB /* Stop.swift */,
				573525661E0BC8FE00EB4AAB /* Stroke.swift */,
			);
			path = draw;
			sourceTree = "<group>";
		};
		573525671E0BC8FE00EB4AAB /* geom2d */ = {
			isa = PBXGroup;
			children = (
				573525681E0BC8FE00EB4AAB /* Arc.swift */,
				573525691E0BC8FE00EB4AAB /* Circle.swift */,
				5735256A1E0BC8FE00EB4AAB /* Ellipse.swift */,
				5735256B1E0BC8FE00EB4AAB /* GeomUtils.swift */,
				5735256C1E0BC8FE00EB4AAB /* Insets.swift */,
				5735256D1E0BC8FE00EB4AAB /* Line.swift */,
				5735256E1E0BC8FE00EB4AAB /* Locus.swift */,
				5735256F1E0BC8FE00EB4AAB /* MoveTo.swift */,
				573525701E0BC8FE00EB4AAB /* Path.swift */,
				573525711E0BC8FE00EB4AAB /* PathBuilder.swift */,
				573525721E0BC8FE00EB4AAB /* PathSegment.swift */,
				573525731E0BC8FE00EB4AAB /* PathSegmentType.swift */,
				573525741E0BC8FE00EB4AAB /* Point.swift */,
				573525751E0BC8FE00EB4AAB /* Polygon.swift */,
				573525761E0BC8FE00EB4AAB /* Polyline.swift */,
				573525771E0BC8FE00EB4AAB /* Rect.swift */,
				573525781E0BC8FE00EB4AAB /* RoundRect.swift */,
				573525791E0BC8FE00EB4AAB /* Size.swift */,
				5735257A1E0BC8FE00EB4AAB /* Transform.swift */,
			);
			path = geom2d;
			sourceTree = "<group>";
		};
		5735257B1E0BC8FE00EB4AAB /* scene */ = {
			isa = PBXGroup;
			children = (
				5735257C1E0BC8FE00EB4AAB /* Group.swift */,
				5735257D1E0BC8FE00EB4AAB /* Image.swift */,
				5735257E1E0BC8FE00EB4AAB /* Node.swift */,
				5735257F1E0BC8FE00EB4AAB /* Shape.swift */,
				573525801E0BC8FE00EB4AAB /* Text.swift */,
			);
			path = scene;
			sourceTree = "<group>";
		};
		573525811E0BC8FE00EB4AAB /* render */ = {
			isa = PBXGroup;
			children = (
				573525821E0BC8FE00EB4AAB /* GroupRenderer.swift */,
				573525831E0BC8FE00EB4AAB /* ImageRenderer.swift */,
				573525841E0BC8FE00EB4AAB /* NodeRenderer.swift */,
				573525851E0BC8FE00EB4AAB /* RenderContext.swift */,
				573525861E0BC8FE00EB4AAB /* RenderUtils.swift */,
				573525871E0BC8FE00EB4AAB /* ShapeRenderer.swift */,
				573525881E0BC8FE00EB4AAB /* TextRenderer.swift */,
			);
			path = render;
			sourceTree = "<group>";
		};
		573525891E0BC8FE00EB4AAB /* svg */ = {
			isa = PBXGroup;
			children = (
				5735258A1E0BC8FE00EB4AAB /* SVGConstants.swift */,
				5735258B1E0BC8FE00EB4AAB /* SVGParser.swift */,
				5735258C1E0BC8FE00EB4AAB /* SVGParserRegexHelper.swift */,
				5735258D1E0BC8FE00EB4AAB /* SVGView.swift */,
			);
			path = svg;
			sourceTree = "<group>";
		};
		5735258E1E0BC8FE00EB4AAB /* thirdparty */ = {
			isa = PBXGroup;
			children = (
				5735258F1E0BC8FE00EB4AAB /* CAAnimationClosure.swift */,
				573525901E0BC8FE00EB4AAB /* CGFloat+Double.swift */,
				573525911E0BC8FE00EB4AAB /* NSTimer+Closure.swift */,
				573525921E0BC8FE00EB4AAB /* Swift-CAAnimation-Closure */,
			);
			path = thirdparty;
			sourceTree = "<group>";
		};
		573525921E0BC8FE00EB4AAB /* Swift-CAAnimation-Closure */ = {
			isa = PBXGroup;
			children = (
			);
			path = "Swift-CAAnimation-Closure";
			sourceTree = "<group>";
		};
		573525931E0BC8FE00EB4AAB /* views */ = {
			isa = PBXGroup;
			children = (
				573525941E0BC8FE00EB4AAB /* MacawView.swift */,
				573525951E0BC8FE00EB4AAB /* NodesMap.swift */,
				573525961E0BC8FE00EB4AAB /* ShapeLayer.swift */,
			);
			path = views;
			sourceTree = "<group>";
		};
		57CAB1241D7832E000FD8E47 /* svg */ = {
			isa = PBXGroup;
			children = (
				57CAB1251D7832E000FD8E47 /* circle.svg */,
				57CAB1261D7832E000FD8E47 /* ellipse.svg */,
				57CAB1271D7832E000FD8E47 /* group.svg */,
				57CAB1281D7832E000FD8E47 /* line.svg */,
				57CAB1291D7832E000FD8E47 /* polygon.svg */,
				57CAB12A1D7832E000FD8E47 /* polyline.svg */,
				57CAB12B1D7832E000FD8E47 /* rect.svg */,
				57CAB12C1D7832E000FD8E47 /* roundRect.svg */,
				57CAB12D1D7832E000FD8E47 /* triangle.svg */,
			);
			path = svg;
			sourceTree = "<group>";
		};
		57E559861E2C9C5D004339EB /* Dependencies */ = {
			isa = PBXGroup;
			children = (
				57E559871E2C9C8E004339EB /* SWXMLHash.framework */,
			);
			name = Dependencies;
			sourceTree = "<group>";
		};
		57FCD2621D76EA4600CC0FB6 = {
			isa = PBXGroup;
			children = (
				57FCD26E1D76EA4600CC0FB6 /* Macaw */,
				57FCD27A1D76EA4600CC0FB6 /* MacawTests */,
				57FCD26D1D76EA4600CC0FB6 /* Products */,
			);
			sourceTree = "<group>";
		};
		57FCD26D1D76EA4600CC0FB6 /* Products */ = {
			isa = PBXGroup;
			children = (
				57FCD26C1D76EA4600CC0FB6 /* Macaw.framework */,
				57FCD2761D76EA4600CC0FB6 /* MacawTests.xctest */,
			);
			name = Products;
			sourceTree = "<group>";
		};
		57FCD26E1D76EA4600CC0FB6 /* Macaw */ = {
			isa = PBXGroup;
			children = (
				57E559861E2C9C5D004339EB /* Dependencies */,
				573525271E0BC8FE00EB4AAB /* Source */,
			);
			path = Macaw;
			sourceTree = "<group>";
		};
		57FCD27A1D76EA4600CC0FB6 /* MacawTests */ = {
			isa = PBXGroup;
			children = (
				57CAB1241D7832E000FD8E47 /* svg */,
				57CAB1221D782DFC00FD8E47 /* TestUtils.swift */,
				57FCD27B1D76EA4600CC0FB6 /* MacawTests.swift */,
				57FCD27D1D76EA4600CC0FB6 /* Info.plist */,
			);
			path = MacawTests;
			sourceTree = "<group>";
		};
/* End PBXGroup section */

/* Begin PBXHeadersBuildPhase section */
		57FCD2691D76EA4600CC0FB6 /* Headers */ = {
			isa = PBXHeadersBuildPhase;
			buildActionMask = 2147483647;
			files = (
			);
			runOnlyForDeploymentPostprocessing = 0;
		};
/* End PBXHeadersBuildPhase section */

/* Begin PBXNativeTarget section */
		57FCD26B1D76EA4600CC0FB6 /* Macaw */ = {
			isa = PBXNativeTarget;
			buildConfigurationList = 57FCD2801D76EA4600CC0FB6 /* Build configuration list for PBXNativeTarget "Macaw" */;
			buildPhases = (
				57FCD2671D76EA4600CC0FB6 /* Sources */,
				57FCD2681D76EA4600CC0FB6 /* Frameworks */,
				57FCD2691D76EA4600CC0FB6 /* Headers */,
				57FCD26A1D76EA4600CC0FB6 /* Resources */,
				57D202181D78047000A90D4F /* CopyFiles */,
			);
			buildRules = (
			);
			dependencies = (
			);
			name = Macaw;
			productName = Macaw;
			productReference = 57FCD26C1D76EA4600CC0FB6 /* Macaw.framework */;
			productType = "com.apple.product-type.framework";
		};
		57FCD2751D76EA4600CC0FB6 /* MacawTests */ = {
			isa = PBXNativeTarget;
			buildConfigurationList = 57FCD2831D76EA4600CC0FB6 /* Build configuration list for PBXNativeTarget "MacawTests" */;
			buildPhases = (
				57FCD2721D76EA4600CC0FB6 /* Sources */,
				57FCD2731D76EA4600CC0FB6 /* Frameworks */,
				57FCD2741D76EA4600CC0FB6 /* Resources */,
			);
			buildRules = (
			);
			dependencies = (
				57FCD2791D76EA4600CC0FB6 /* PBXTargetDependency */,
			);
			name = MacawTests;
			productName = MacawTests;
			productReference = 57FCD2761D76EA4600CC0FB6 /* MacawTests.xctest */;
			productType = "com.apple.product-type.bundle.unit-test";
		};
/* End PBXNativeTarget section */

/* Begin PBXProject section */
		57FCD2631D76EA4600CC0FB6 /* Project object */ = {
			isa = PBXProject;
			attributes = {
				LastSwiftUpdateCheck = 0730;
				LastUpgradeCheck = 0800;
				ORGANIZATIONNAME = Exyte;
				TargetAttributes = {
					57FCD26B1D76EA4600CC0FB6 = {
						CreatedOnToolsVersion = 7.3.1;
						LastSwiftMigration = 0800;
					};
					57FCD2751D76EA4600CC0FB6 = {
						CreatedOnToolsVersion = 7.3.1;
						LastSwiftMigration = 0800;
					};
				};
			};
			buildConfigurationList = 57FCD2661D76EA4600CC0FB6 /* Build configuration list for PBXProject "Macaw" */;
			compatibilityVersion = "Xcode 3.2";
			developmentRegion = English;
			hasScannedForEncodings = 0;
			knownRegions = (
				en,
			);
			mainGroup = 57FCD2621D76EA4600CC0FB6;
			productRefGroup = 57FCD26D1D76EA4600CC0FB6 /* Products */;
			projectDirPath = "";
			projectRoot = "";
			targets = (
				57FCD26B1D76EA4600CC0FB6 /* Macaw */,
				57FCD2751D76EA4600CC0FB6 /* MacawTests */,
			);
		};
/* End PBXProject section */

/* Begin PBXResourcesBuildPhase section */
		57FCD26A1D76EA4600CC0FB6 /* Resources */ = {
			isa = PBXResourcesBuildPhase;
			buildActionMask = 2147483647;
			files = (
				573525BA1E0BC8FE00EB4AAB /* Info.plist in Resources */,
			);
			runOnlyForDeploymentPostprocessing = 0;
		};
		57FCD2741D76EA4600CC0FB6 /* Resources */ = {
			isa = PBXResourcesBuildPhase;
			buildActionMask = 2147483647;
			files = (
				57CAB1361D7832E000FD8E47 /* triangle.svg in Resources */,
				57CAB1301D7832E000FD8E47 /* group.svg in Resources */,
				57CAB1351D7832E000FD8E47 /* roundRect.svg in Resources */,
				57CAB12E1D7832E000FD8E47 /* circle.svg in Resources */,
				57CAB1331D7832E000FD8E47 /* polyline.svg in Resources */,
				57CAB1311D7832E000FD8E47 /* line.svg in Resources */,
				57CAB1321D7832E000FD8E47 /* polygon.svg in Resources */,
				57CAB12F1D7832E000FD8E47 /* ellipse.svg in Resources */,
				57CAB1341D7832E000FD8E47 /* rect.svg in Resources */,
			);
			runOnlyForDeploymentPostprocessing = 0;
		};
/* End PBXResourcesBuildPhase section */

/* Begin PBXSourcesBuildPhase section */
		57FCD2671D76EA4600CC0FB6 /* Sources */ = {
			isa = PBXSourcesBuildPhase;
			buildActionMask = 2147483647;
			files = (
				573525E41E0BC8FF00EB4AAB /* GroupRenderer.swift in Sources */,
				573525D41E0BC8FE00EB4AAB /* Path.swift in Sources */,
				573525B31E0BC8FE00EB4AAB /* GroupDisposable.swift in Sources */,
				573525C41E0BC8FE00EB4AAB /* GaussianBlur.swift in Sources */,
				573525E51E0BC8FF00EB4AAB /* ImageRenderer.swift in Sources */,
				573525E01E0BC8FF00EB4AAB /* Image.swift in Sources */,
				5735259B1E0BC8FE00EB4AAB /* AnimationUtils.swift in Sources */,
				573525A31E0BC8FE00EB4AAB /* FuncBounds.swift in Sources */,
				573525E31E0BC8FF00EB4AAB /* Text.swift in Sources */,
				573525B81E0BC8FE00EB4AAB /* RotateEvent.swift in Sources */,
				573525981E0BC8FE00EB4AAB /* Animation.swift in Sources */,
				573525A61E0BC8FE00EB4AAB /* AnimationCache.swift in Sources */,
				573525C51E0BC8FE00EB4AAB /* Gradient.swift in Sources */,
				573525E21E0BC8FF00EB4AAB /* Shape.swift in Sources */,
				573525B01E0BC8FE00EB4AAB /* OpacityAnimation.swift in Sources */,
				573525B21E0BC8FE00EB4AAB /* Disposable.swift in Sources */,
				573525A41E0BC8FE00EB4AAB /* PathBounds.swift in Sources */,
				573525D21E0BC8FE00EB4AAB /* Locus.swift in Sources */,
				5735259E1E0BC8FE00EB4AAB /* AnimOperators.swift in Sources */,
				5735259C1E0BC8FE00EB4AAB /* Easing.swift in Sources */,
				573525E61E0BC8FF00EB4AAB /* NodeRenderer.swift in Sources */,
				573525B61E0BC8FE00EB4AAB /* PanEvent.swift in Sources */,
				573525D61E0BC8FF00EB4AAB /* PathSegment.swift in Sources */,
				573525E81E0BC8FF00EB4AAB /* RenderUtils.swift in Sources */,
				573525C31E0BC8FE00EB4AAB /* Font.swift in Sources */,
				573525C01E0BC8FE00EB4AAB /* DropShadow.swift in Sources */,
				573525AB1E0BC8FE00EB4AAB /* TimingFunction.swift in Sources */,
				573525971E0BC8FE00EB4AAB /* AnimatableVariable.swift in Sources */,
				573525BC1E0BC8FE00EB4AAB /* AspectRatio.swift in Sources */,
				573525A91E0BC8FE00EB4AAB /* TransformHashable.swift in Sources */,
				573525C71E0BC8FE00EB4AAB /* LineCap.swift in Sources */,
				573525B51E0BC8FE00EB4AAB /* Event.swift in Sources */,
				573525BE1E0BC8FE00EB4AAB /* Color.swift in Sources */,
				573525A71E0BC8FE00EB4AAB /* AnimationRestorer.swift in Sources */,
				573525DF1E0BC8FF00EB4AAB /* Group.swift in Sources */,
				573525EC1E0BC8FF00EB4AAB /* SVGParser.swift in Sources */,
				573525E11E0BC8FF00EB4AAB /* Node.swift in Sources */,
				573525BF1E0BC8FE00EB4AAB /* Drawable.swift in Sources */,
				5735259F1E0BC8FE00EB4AAB /* DoubleInterpolation.swift in Sources */,
				573525AF1E0BC8FE00EB4AAB /* ContentsAnimation.swift in Sources */,
				573525DC1E0BC8FF00EB4AAB /* RoundRect.swift in Sources */,
				573525CF1E0BC8FE00EB4AAB /* GeomUtils.swift in Sources */,
				573525DA1E0BC8FF00EB4AAB /* Polyline.swift in Sources */,
				573525D51E0BC8FE00EB4AAB /* PathBuilder.swift in Sources */,
				573525EF1E0BC8FF00EB4AAB /* CAAnimationClosure.swift in Sources */,
				573525D31E0BC8FE00EB4AAB /* MoveTo.swift in Sources */,
				573525A01E0BC8FE00EB4AAB /* GroupInterpolation.swift in Sources */,
				573525DD1E0BC8FF00EB4AAB /* Size.swift in Sources */,
				573525A21E0BC8FE00EB4AAB /* TransformInterpolation.swift in Sources */,
				573525DE1E0BC8FF00EB4AAB /* Transform.swift in Sources */,
				5735259A1E0BC8FE00EB4AAB /* AnimationProducer.swift in Sources */,
				573525B41E0BC8FE00EB4AAB /* Variable.swift in Sources */,
				573525C81E0BC8FE00EB4AAB /* LineJoin.swift in Sources */,
				573525F01E0BC8FF00EB4AAB /* CGFloat+Double.swift in Sources */,
				573525D91E0BC8FF00EB4AAB /* Polygon.swift in Sources */,
				573525D01E0BC8FE00EB4AAB /* Insets.swift in Sources */,
				573525EE1E0BC8FF00EB4AAB /* SVGView.swift in Sources */,
				573525B71E0BC8FE00EB4AAB /* PinchEvent.swift in Sources */,
				573525A81E0BC8FE00EB4AAB /* NodeHashable.swift in Sources */,
				573525AC1E0BC8FE00EB4AAB /* TransformGenerator.swift in Sources */,
				573525D11E0BC8FE00EB4AAB /* Line.swift in Sources */,
				573525CA1E0BC8FE00EB4AAB /* Stop.swift in Sources */,
				573525EB1E0BC8FF00EB4AAB /* SVGConstants.swift in Sources */,
				573525C61E0BC8FE00EB4AAB /* LinearGradient.swift in Sources */,
				573525F41E0BC8FF00EB4AAB /* ShapeLayer.swift in Sources */,
				573525ED1E0BC8FF00EB4AAB /* SVGParserRegexHelper.swift in Sources */,
				573525AD1E0BC8FE00EB4AAB /* AnimationSequence.swift in Sources */,
				573525BD1E0BC8FE00EB4AAB /* Baseline.swift in Sources */,
				573525CB1E0BC8FE00EB4AAB /* Stroke.swift in Sources */,
				573525E91E0BC8FF00EB4AAB /* ShapeRenderer.swift in Sources */,
				5735259D1E0BC8FE00EB4AAB /* CGExtensions.swift in Sources */,
				573525991E0BC8FE00EB4AAB /* AnimationImpl.swift in Sources */,
				573525EA1E0BC8FF00EB4AAB /* TextRenderer.swift in Sources */,
				573525F11E0BC8FF00EB4AAB /* NSTimer+Closure.swift in Sources */,
				573525D71E0BC8FF00EB4AAB /* PathSegmentType.swift in Sources */,
				573525AA1E0BC8FE00EB4AAB /* OpacityGenerator.swift in Sources */,
				573525A11E0BC8FE00EB4AAB /* Interpolable.swift in Sources */,
				573525F31E0BC8FF00EB4AAB /* NodesMap.swift in Sources */,
				573525F21E0BC8FF00EB4AAB /* MacawView.swift in Sources */,
				573525C11E0BC8FE00EB4AAB /* Effect.swift in Sources */,
				573525E71E0BC8FF00EB4AAB /* RenderContext.swift in Sources */,
				573525AE1E0BC8FE00EB4AAB /* CombineAnimation.swift in Sources */,
				573525C91E0BC8FE00EB4AAB /* RadialGradient.swift in Sources */,
				573525D81E0BC8FF00EB4AAB /* Point.swift in Sources */,
				573525CD1E0BC8FE00EB4AAB /* Circle.swift in Sources */,
				573525B11E0BC8FE00EB4AAB /* TransformAnimation.swift in Sources */,
				573525BB1E0BC8FE00EB4AAB /* Align.swift in Sources */,
				573525B91E0BC8FE00EB4AAB /* TapEvent.swift in Sources */,
				573525CC1E0BC8FE00EB4AAB /* Arc.swift in Sources */,
				573525CE1E0BC8FE00EB4AAB /* Ellipse.swift in Sources */,
				573525C21E0BC8FE00EB4AAB /* Fill.swift in Sources */,
				573525A51E0BC8FE00EB4AAB /* PathFunctions.swift in Sources */,
				573525DB1E0BC8FF00EB4AAB /* Rect.swift in Sources */,
			);
			runOnlyForDeploymentPostprocessing = 0;
		};
		57FCD2721D76EA4600CC0FB6 /* Sources */ = {
			isa = PBXSourcesBuildPhase;
			buildActionMask = 2147483647;
			files = (
				57FCD27C1D76EA4600CC0FB6 /* MacawTests.swift in Sources */,
				57CAB1231D782DFC00FD8E47 /* TestUtils.swift in Sources */,
			);
			runOnlyForDeploymentPostprocessing = 0;
		};
/* End PBXSourcesBuildPhase section */

/* Begin PBXTargetDependency section */
		57FCD2791D76EA4600CC0FB6 /* PBXTargetDependency */ = {
			isa = PBXTargetDependency;
			target = 57FCD26B1D76EA4600CC0FB6 /* Macaw */;
			targetProxy = 57FCD2781D76EA4600CC0FB6 /* PBXContainerItemProxy */;
		};
/* End PBXTargetDependency section */

/* Begin XCBuildConfiguration section */
		57FCD27E1D76EA4600CC0FB6 /* Debug */ = {
			isa = XCBuildConfiguration;
			buildSettings = {
				ALWAYS_SEARCH_USER_PATHS = NO;
				CLANG_ANALYZER_NONNULL = YES;
				CLANG_CXX_LANGUAGE_STANDARD = "gnu++0x";
				CLANG_CXX_LIBRARY = "libc++";
				CLANG_ENABLE_MODULES = YES;
				CLANG_ENABLE_OBJC_ARC = YES;
				CLANG_WARN_BOOL_CONVERSION = YES;
				CLANG_WARN_CONSTANT_CONVERSION = YES;
				CLANG_WARN_DIRECT_OBJC_ISA_USAGE = YES_ERROR;
				CLANG_WARN_EMPTY_BODY = YES;
				CLANG_WARN_ENUM_CONVERSION = YES;
				CLANG_WARN_INFINITE_RECURSION = YES;
				CLANG_WARN_INT_CONVERSION = YES;
				CLANG_WARN_OBJC_ROOT_CLASS = YES_ERROR;
				CLANG_WARN_SUSPICIOUS_MOVE = YES;
				CLANG_WARN_UNREACHABLE_CODE = YES;
				CLANG_WARN__DUPLICATE_METHOD_MATCH = YES;
				"CODE_SIGN_IDENTITY[sdk=iphoneos*]" = "iPhone Developer";
				COPY_PHASE_STRIP = NO;
				CURRENT_PROJECT_VERSION = 1;
				DEBUG_INFORMATION_FORMAT = dwarf;
				ENABLE_STRICT_OBJC_MSGSEND = YES;
				ENABLE_TESTABILITY = YES;
				GCC_C_LANGUAGE_STANDARD = gnu99;
				GCC_DYNAMIC_NO_PIC = NO;
				GCC_NO_COMMON_BLOCKS = YES;
				GCC_OPTIMIZATION_LEVEL = 0;
				GCC_PREPROCESSOR_DEFINITIONS = (
					"DEBUG=1",
					"$(inherited)",
				);
				GCC_WARN_64_TO_32_BIT_CONVERSION = YES;
				GCC_WARN_ABOUT_RETURN_TYPE = YES_ERROR;
				GCC_WARN_UNDECLARED_SELECTOR = YES;
				GCC_WARN_UNINITIALIZED_AUTOS = YES_AGGRESSIVE;
				GCC_WARN_UNUSED_FUNCTION = YES;
				GCC_WARN_UNUSED_VARIABLE = YES;
				IPHONEOS_DEPLOYMENT_TARGET = 8.0;
				MTL_ENABLE_DEBUG_INFO = YES;
				ONLY_ACTIVE_ARCH = YES;
				SDKROOT = iphoneos;
				SWIFT_OPTIMIZATION_LEVEL = "-Onone";
				SWIFT_VERSION = 3.0;
				TARGETED_DEVICE_FAMILY = "1,2";
				VERSIONING_SYSTEM = "apple-generic";
				VERSION_INFO_PREFIX = "";
			};
			name = Debug;
		};
		57FCD27F1D76EA4600CC0FB6 /* Release */ = {
			isa = XCBuildConfiguration;
			buildSettings = {
				ALWAYS_SEARCH_USER_PATHS = NO;
				CLANG_ANALYZER_NONNULL = YES;
				CLANG_CXX_LANGUAGE_STANDARD = "gnu++0x";
				CLANG_CXX_LIBRARY = "libc++";
				CLANG_ENABLE_MODULES = YES;
				CLANG_ENABLE_OBJC_ARC = YES;
				CLANG_WARN_BOOL_CONVERSION = YES;
				CLANG_WARN_CONSTANT_CONVERSION = YES;
				CLANG_WARN_DIRECT_OBJC_ISA_USAGE = YES_ERROR;
				CLANG_WARN_EMPTY_BODY = YES;
				CLANG_WARN_ENUM_CONVERSION = YES;
				CLANG_WARN_INFINITE_RECURSION = YES;
				CLANG_WARN_INT_CONVERSION = YES;
				CLANG_WARN_OBJC_ROOT_CLASS = YES_ERROR;
				CLANG_WARN_SUSPICIOUS_MOVE = YES;
				CLANG_WARN_UNREACHABLE_CODE = YES;
				CLANG_WARN__DUPLICATE_METHOD_MATCH = YES;
				"CODE_SIGN_IDENTITY[sdk=iphoneos*]" = "iPhone Developer";
				COPY_PHASE_STRIP = NO;
				CURRENT_PROJECT_VERSION = 1;
				DEBUG_INFORMATION_FORMAT = "dwarf-with-dsym";
				ENABLE_NS_ASSERTIONS = NO;
				ENABLE_STRICT_OBJC_MSGSEND = YES;
				GCC_C_LANGUAGE_STANDARD = gnu99;
				GCC_NO_COMMON_BLOCKS = YES;
				GCC_WARN_64_TO_32_BIT_CONVERSION = YES;
				GCC_WARN_ABOUT_RETURN_TYPE = YES_ERROR;
				GCC_WARN_UNDECLARED_SELECTOR = YES;
				GCC_WARN_UNINITIALIZED_AUTOS = YES_AGGRESSIVE;
				GCC_WARN_UNUSED_FUNCTION = YES;
				GCC_WARN_UNUSED_VARIABLE = YES;
				IPHONEOS_DEPLOYMENT_TARGET = 8.0;
				MTL_ENABLE_DEBUG_INFO = NO;
				SDKROOT = iphoneos;
				SWIFT_OPTIMIZATION_LEVEL = "-Owholemodule";
				SWIFT_VERSION = 3.0;
				TARGETED_DEVICE_FAMILY = "1,2";
				VALIDATE_PRODUCT = YES;
				VERSIONING_SYSTEM = "apple-generic";
				VERSION_INFO_PREFIX = "";
			};
			name = Release;
		};
		57FCD2811D76EA4600CC0FB6 /* Debug */ = {
			isa = XCBuildConfiguration;
			buildSettings = {
				"CODE_SIGN_IDENTITY[sdk=iphoneos*]" = "";
				DEFINES_MODULE = YES;
				DYLIB_COMPATIBILITY_VERSION = 1;
				DYLIB_CURRENT_VERSION = 1;
				DYLIB_INSTALL_NAME_BASE = "@rpath";
				FRAMEWORK_SEARCH_PATHS = (
					"$(inherited)",
					"$(PROJECT_DIR)/Dependencies/RxSwift/iOS",
					"$(PROJECT_DIR)/Dependencies/SWXMLHash",
					"$(PROJECT_DIR)/Dependencies/SWXMLHash/iOS",
					"$(PROJECT_DIR)/Carthage/Build/iOS",
				);
				INFOPLIST_FILE = "$(SRCROOT)/Source/Info.plist";
				INSTALL_PATH = "$(LOCAL_LIBRARY_DIR)/Frameworks";
				LD_RUNPATH_SEARCH_PATHS = "$(inherited) @executable_path/Frameworks @loader_path/Frameworks";
				PRODUCT_BUNDLE_IDENTIFIER = com.exyte.Macaw;
				PRODUCT_NAME = "$(TARGET_NAME)";
				SKIP_INSTALL = YES;
				SWIFT_VERSION = 3.0;
			};
			name = Debug;
		};
		57FCD2821D76EA4600CC0FB6 /* Release */ = {
			isa = XCBuildConfiguration;
			buildSettings = {
				"CODE_SIGN_IDENTITY[sdk=iphoneos*]" = "";
				DEFINES_MODULE = YES;
				DYLIB_COMPATIBILITY_VERSION = 1;
				DYLIB_CURRENT_VERSION = 1;
				DYLIB_INSTALL_NAME_BASE = "@rpath";
				FRAMEWORK_SEARCH_PATHS = (
					"$(inherited)",
					"$(PROJECT_DIR)/Dependencies/RxSwift/iOS",
					"$(PROJECT_DIR)/Dependencies/SWXMLHash",
					"$(PROJECT_DIR)/Dependencies/SWXMLHash/iOS",
					"$(PROJECT_DIR)/Carthage/Build/iOS",
				);
				INFOPLIST_FILE = "$(SRCROOT)/Source/Info.plist";
				INSTALL_PATH = "$(LOCAL_LIBRARY_DIR)/Frameworks";
				LD_RUNPATH_SEARCH_PATHS = "$(inherited) @executable_path/Frameworks @loader_path/Frameworks";
				PRODUCT_BUNDLE_IDENTIFIER = com.exyte.Macaw;
				PRODUCT_NAME = "$(TARGET_NAME)";
				SKIP_INSTALL = YES;
				SWIFT_VERSION = 3.0;
			};
			name = Release;
		};
		57FCD2841D76EA4600CC0FB6 /* Debug */ = {
			isa = XCBuildConfiguration;
			buildSettings = {
				ALWAYS_EMBED_SWIFT_STANDARD_LIBRARIES = YES;
				INFOPLIST_FILE = MacawTests/Info.plist;
				LD_RUNPATH_SEARCH_PATHS = "$(inherited) @executable_path/Frameworks @loader_path/Frameworks";
				PRODUCT_BUNDLE_IDENTIFIER = com.exyte.MacawTests;
				PRODUCT_NAME = "$(TARGET_NAME)";
				SWIFT_VERSION = 3.0;
			};
			name = Debug;
		};
		57FCD2851D76EA4600CC0FB6 /* Release */ = {
			isa = XCBuildConfiguration;
			buildSettings = {
				ALWAYS_EMBED_SWIFT_STANDARD_LIBRARIES = YES;
				INFOPLIST_FILE = MacawTests/Info.plist;
				LD_RUNPATH_SEARCH_PATHS = "$(inherited) @executable_path/Frameworks @loader_path/Frameworks";
				PRODUCT_BUNDLE_IDENTIFIER = com.exyte.MacawTests;
				PRODUCT_NAME = "$(TARGET_NAME)";
				SWIFT_VERSION = 3.0;
			};
			name = Release;
		};
/* End XCBuildConfiguration section */

/* Begin XCConfigurationList section */
		57FCD2661D76EA4600CC0FB6 /* Build configuration list for PBXProject "Macaw" */ = {
			isa = XCConfigurationList;
			buildConfigurations = (
				57FCD27E1D76EA4600CC0FB6 /* Debug */,
				57FCD27F1D76EA4600CC0FB6 /* Release */,
			);
			defaultConfigurationIsVisible = 0;
			defaultConfigurationName = Release;
		};
		57FCD2801D76EA4600CC0FB6 /* Build configuration list for PBXNativeTarget "Macaw" */ = {
			isa = XCConfigurationList;
			buildConfigurations = (
				57FCD2811D76EA4600CC0FB6 /* Debug */,
				57FCD2821D76EA4600CC0FB6 /* Release */,
			);
			defaultConfigurationIsVisible = 0;
			defaultConfigurationName = Release;
		};
		57FCD2831D76EA4600CC0FB6 /* Build configuration list for PBXNativeTarget "MacawTests" */ = {
			isa = XCConfigurationList;
			buildConfigurations = (
				57FCD2841D76EA4600CC0FB6 /* Debug */,
				57FCD2851D76EA4600CC0FB6 /* Release */,
			);
			defaultConfigurationIsVisible = 0;
			defaultConfigurationName = Release;
		};
/* End XCConfigurationList section */
	};
	rootObject = 57FCD2631D76EA4600CC0FB6 /* Project object */;
}
