PODS:
  - Macaw (0.8.0):
    - SWXMLHash (~> 3.0.0)
  - SWXMLHash (3.0.4)

DEPENDENCIES:
  - Macaw (from `../`)

EXTERNAL SOURCES:
  Macaw:
    :path: "../"

SPEC CHECKSUMS:
  Macaw: 4e960708c75eb6eb13600ee1aab89aa46307e7c4
  SWXMLHash: 29d20b84692fc319ea8ed933058fe7d8d005139b

PODFILE CHECKSUM: cf6c204dbe194da8e03fcb9ffd9c99d086057155

COCOAPODS: 1.1.1
