PODS:
  - Macaw (0.8.2):
    - SWXMLHash
  - SWXMLHash (3.0.5)

DEPENDENCIES:
  - Macaw (from `../`)

EXTERNAL SOURCES:
  Macaw:
    :path: "../"

SPEC CHECKSUMS:
  Macaw: 11694cb019930ccce092f988f896cd95eeb92fc5
  SWXMLHash: 701f7d07c032089b9ff34e0352bd4fed1a24652a

PODFILE CHECKSUM: d31ba0b2048e70405adc9fbdda765e648c849781

COCOAPODS: 1.1.1
