<?xml version="1.0" encoding="UTF-8"?>
<!DOCTYPE plist PUBLIC "-//Apple//DTD PLIST 1.0//EN" "http://www.apple.com/DTDs/PropertyList-1.0.dtd">
<plist version="1.0">
<dict>
	<key>archiveVersion</key>
	<string>1</string>
	<key>classes</key>
	<dict/>
	<key>objectVersion</key>
	<string>46</string>
	<key>objects</key>
	<dict>
		<key>04C58A7728E2EE04767EC462</key>
		<dict>
			<key>children</key>
			<array>
				<string>B1435E8977BA0B9A49C4E399</string>
				<string>131DDFA4A9D164CC4B64C3E8</string>
			</array>
			<key>isa</key>
			<string>PBXGroup</string>
			<key>name</key>
			<string>Pods</string>
			<key>sourceTree</key>
			<string>&lt;group&gt;</string>
		</dict>
		<key>0A92F90D3D20D2A289BED45F</key>
		<dict>
			<key>explicitFileType</key>
			<string>wrapper.framework</string>
			<key>includeInIndex</key>
			<string>0</string>
			<key>isa</key>
			<string>PBXFileReference</string>
			<key>path</key>
			<string>Pods_Example.framework</string>
			<key>sourceTree</key>
			<string>BUILT_PRODUCTS_DIR</string>
		</dict>
		<key>131DDFA4A9D164CC4B64C3E8</key>
		<dict>
			<key>includeInIndex</key>
			<string>1</string>
			<key>isa</key>
			<string>PBXFileReference</string>
			<key>lastKnownFileType</key>
			<string>text.xcconfig</string>
			<key>name</key>
			<string>Pods-Example.release.xcconfig</string>
			<key>path</key>
			<string>Pods/Target Support Files/Pods-Example/Pods-Example.release.xcconfig</string>
			<key>sourceTree</key>
			<string>&lt;group&gt;</string>
		</dict>
		<key>1363B98F428BA2C3D28D6A08</key>
		<dict>
			<key>buildActionMask</key>
			<string>2147483647</string>
			<key>files</key>
			<array/>
			<key>inputPaths</key>
			<array/>
			<key>isa</key>
			<string>PBXShellScriptBuildPhase</string>
			<key>name</key>
			<string>[CP] Embed Pods Frameworks</string>
			<key>outputPaths</key>
			<array/>
			<key>runOnlyForDeploymentPostprocessing</key>
			<string>0</string>
			<key>shellPath</key>
			<string>/bin/sh</string>
			<key>shellScript</key>
			<string>"${SRCROOT}/Pods/Target Support Files/Pods-Example/Pods-Example-frameworks.sh"
</string>
			<key>showEnvVarsInLog</key>
			<string>0</string>
		</dict>
		<key>24B291221D523EF8000498B3</key>
		<dict>
			<key>children</key>
			<array>
				<string>24B291231D523F0B000498B3</string>
			</array>
			<key>isa</key>
			<string>PBXGroup</string>
			<key>name</key>
			<string>Events</string>
			<key>sourceTree</key>
			<string>&lt;group&gt;</string>
		</dict>
		<key>24B291231D523F0B000498B3</key>
		<dict>
			<key>fileEncoding</key>
			<string>4</string>
			<key>isa</key>
			<string>PBXFileReference</string>
			<key>lastKnownFileType</key>
			<string>sourcecode.swift</string>
			<key>path</key>
			<string>ShapesEventsExampleView.swift</string>
			<key>sourceTree</key>
			<string>&lt;group&gt;</string>
		</dict>
		<key>24B291241D523F0B000498B3</key>
		<dict>
			<key>fileRef</key>
			<string>24B291231D523F0B000498B3</string>
			<key>isa</key>
			<string>PBXBuildFile</string>
		</dict>
		<key>24BE06FF1C6B91C800B5882F</key>
		<dict>
			<key>children</key>
			<array/>
			<key>isa</key>
			<string>PBXGroup</string>
			<key>name</key>
			<string>img</string>
			<key>sourceTree</key>
			<string>&lt;group&gt;</string>
		</dict>
		<key>24BE07031C6DF1F000B5882F</key>
		<dict>
			<key>fileEncoding</key>
			<string>4</string>
			<key>isa</key>
			<string>PBXFileReference</string>
			<key>lastKnownFileType</key>
			<string>sourcecode.swift</string>
			<key>path</key>
			<string>BasePageViewController.swift</string>
			<key>sourceTree</key>
			<string>&lt;group&gt;</string>
		</dict>
		<key>24BE07041C6DF1F000B5882F</key>
		<dict>
			<key>fileRef</key>
			<string>24BE07031C6DF1F000B5882F</string>
			<key>isa</key>
			<string>PBXBuildFile</string>
		</dict>
		<key>48BC2FE8BD3BF26100D04E07</key>
		<dict>
			<key>fileRef</key>
			<string>0A92F90D3D20D2A289BED45F</string>
			<key>isa</key>
			<string>PBXBuildFile</string>
		</dict>
		<key>5708F7E51CC8A783002AA500</key>
		<dict>
			<key>fileEncoding</key>
			<string>4</string>
			<key>isa</key>
			<string>PBXFileReference</string>
			<key>lastKnownFileType</key>
			<string>sourcecode.swift</string>
			<key>path</key>
			<string>PathExampleController.swift</string>
			<key>sourceTree</key>
			<string>&lt;group&gt;</string>
		</dict>
		<key>5708F7E61CC8A783002AA500</key>
		<dict>
			<key>fileRef</key>
			<string>5708F7E51CC8A783002AA500</string>
			<key>isa</key>
			<string>PBXBuildFile</string>
		</dict>
		<key>571B0FF51CEDDBD900A998E2</key>
		<dict>
			<key>fileEncoding</key>
			<string>4</string>
			<key>isa</key>
			<string>PBXFileReference</string>
			<key>lastKnownFileType</key>
			<string>text.xml</string>
			<key>name</key>
			<string>tree2.svg</string>
			<key>path</key>
			<string>Example/Assets/SVG/tree2.svg</string>
			<key>sourceTree</key>
			<string>&lt;group&gt;</string>
		</dict>
		<key>571B0FF61CEDDBD900A998E2</key>
		<dict>
			<key>fileRef</key>
			<string>571B0FF51CEDDBD900A998E2</string>
			<key>isa</key>
			<string>PBXBuildFile</string>
		</dict>
		<key>5720C6B01CECA89E00090FC6</key>
		<dict>
			<key>fileEncoding</key>
			<string>4</string>
			<key>isa</key>
			<string>PBXFileReference</string>
			<key>lastKnownFileType</key>
			<string>text.xml</string>
			<key>name</key>
			<string>sunset-tree.svg</string>
			<key>path</key>
			<string>Example/Assets/SVG/sunset-tree.svg</string>
			<key>sourceTree</key>
			<string>&lt;group&gt;</string>
		</dict>
		<key>5720C6B11CECA89E00090FC6</key>
		<dict>
			<key>fileRef</key>
			<string>5720C6B01CECA89E00090FC6</string>
			<key>isa</key>
			<string>PBXBuildFile</string>
		</dict>
		<key>574EC4271CB7DE7F0063F317</key>
		<dict>
			<key>children</key>
			<array>
				<string>24B291221D523EF8000498B3</string>
				<string>66AE19D31CC8C7A100B78B5E</string>
				<string>574EC4421CBB607E0063F317</string>
				<string>574EC4281CB7DE7F0063F317</string>
				<string>574EC42C1CB7DE7F0063F317</string>
				<string>574EC42E1CB7DE7F0063F317</string>
				<string>574EC4311CB7DE7F0063F317</string>
				<string>574EC4331CB7DE7F0063F317</string>
				<string>574EC4351CB7DE7F0063F317</string>
				<string>574EC4401CB7E2440063F317</string>
			</array>
			<key>isa</key>
			<string>PBXGroup</string>
			<key>path</key>
			<string>Examples</string>
			<key>sourceTree</key>
			<string>&lt;group&gt;</string>
		</dict>
		<key>574EC4281CB7DE7F0063F317</key>
		<dict>
			<key>children</key>
			<array>
				<string>574EC4291CB7DE7F0063F317</string>
				<string>574EC42A1CB7DE7F0063F317</string>
				<string>574EC42B1CB7DE7F0063F317</string>
			</array>
			<key>isa</key>
			<string>PBXGroup</string>
			<key>path</key>
			<string>Cleaner</string>
			<key>sourceTree</key>
			<string>&lt;group&gt;</string>
		</dict>
		<key>574EC4291CB7DE7F0063F317</key>
		<dict>
			<key>fileEncoding</key>
			<string>4</string>
			<key>isa</key>
			<string>PBXFileReference</string>
			<key>lastKnownFileType</key>
			<string>sourcecode.swift</string>
			<key>path</key>
			<string>CleanerExampleController.swift</string>
			<key>sourceTree</key>
			<string>&lt;group&gt;</string>
		</dict>
		<key>574EC42A1CB7DE7F0063F317</key>
		<dict>
			<key>fileEncoding</key>
			<string>4</string>
			<key>isa</key>
			<string>PBXFileReference</string>
			<key>lastKnownFileType</key>
			<string>sourcecode.swift</string>
			<key>path</key>
			<string>CleanersGraphics.swift</string>
			<key>sourceTree</key>
			<string>&lt;group&gt;</string>
		</dict>
		<key>574EC42B1CB7DE7F0063F317</key>
		<dict>
			<key>fileEncoding</key>
			<string>4</string>
			<key>isa</key>
			<string>PBXFileReference</string>
			<key>lastKnownFileType</key>
			<string>sourcecode.swift</string>
			<key>path</key>
			<string>CleanerView.swift</string>
			<key>sourceTree</key>
			<string>&lt;group&gt;</string>
		</dict>
		<key>574EC42C1CB7DE7F0063F317</key>
		<dict>
			<key>children</key>
			<array>
				<string>574EC42D1CB7DE7F0063F317</string>
			</array>
			<key>isa</key>
			<string>PBXGroup</string>
			<key>path</key>
			<string>Diagram</string>
			<key>sourceTree</key>
			<string>&lt;group&gt;</string>
		</dict>
		<key>574EC42D1CB7DE7F0063F317</key>
		<dict>
			<key>fileEncoding</key>
			<string>4</string>
			<key>isa</key>
			<string>PBXFileReference</string>
			<key>lastKnownFileType</key>
			<string>sourcecode.swift</string>
			<key>path</key>
			<string>DiagramExampleView.swift</string>
			<key>sourceTree</key>
			<string>&lt;group&gt;</string>
		</dict>
		<key>574EC42E1CB7DE7F0063F317</key>
		<dict>
			<key>children</key>
			<array>
				<string>574EC42F1CB7DE7F0063F317</string>
				<string>574EC4301CB7DE7F0063F317</string>
			</array>
			<key>isa</key>
			<string>PBXGroup</string>
			<key>path</key>
			<string>Model Listeners</string>
			<key>sourceTree</key>
			<string>&lt;group&gt;</string>
		</dict>
		<key>574EC42F1CB7DE7F0063F317</key>
		<dict>
			<key>fileEncoding</key>
			<string>4</string>
			<key>isa</key>
			<string>PBXFileReference</string>
			<key>lastKnownFileType</key>
			<string>sourcecode.swift</string>
			<key>path</key>
			<string>ModelListenersExampleController.swift</string>
			<key>sourceTree</key>
			<string>&lt;group&gt;</string>
		</dict>
		<key>574EC4301CB7DE7F0063F317</key>
		<dict>
			<key>fileEncoding</key>
			<string>4</string>
			<key>isa</key>
			<string>PBXFileReference</string>
			<key>lastKnownFileType</key>
			<string>sourcecode.swift</string>
			<key>path</key>
			<string>RectShapeView.swift</string>
			<key>sourceTree</key>
			<string>&lt;group&gt;</string>
		</dict>
		<key>574EC4311CB7DE7F0063F317</key>
		<dict>
			<key>children</key>
			<array>
				<string>574EC4321CB7DE7F0063F317</string>
				<string>5708F7E51CC8A783002AA500</string>
			</array>
			<key>isa</key>
			<string>PBXGroup</string>
			<key>path</key>
			<string>Path</string>
			<key>sourceTree</key>
			<string>&lt;group&gt;</string>
		</dict>
		<key>574EC4321CB7DE7F0063F317</key>
		<dict>
			<key>fileEncoding</key>
			<string>4</string>
			<key>isa</key>
			<string>PBXFileReference</string>
			<key>lastKnownFileType</key>
			<string>sourcecode.swift</string>
			<key>path</key>
			<string>PathExampleView.swift</string>
			<key>sourceTree</key>
			<string>&lt;group&gt;</string>
		</dict>
		<key>574EC4331CB7DE7F0063F317</key>
		<dict>
			<key>children</key>
			<array>
				<string>574EC4341CB7DE7F0063F317</string>
			</array>
			<key>isa</key>
			<string>PBXGroup</string>
			<key>path</key>
			<string>Shapes</string>
			<key>sourceTree</key>
			<string>&lt;group&gt;</string>
		</dict>
		<key>574EC4341CB7DE7F0063F317</key>
		<dict>
			<key>fileEncoding</key>
			<string>4</string>
			<key>isa</key>
			<string>PBXFileReference</string>
			<key>lastKnownFileType</key>
			<string>sourcecode.swift</string>
			<key>path</key>
			<string>ShapesExampleView.swift</string>
			<key>sourceTree</key>
			<string>&lt;group&gt;</string>
		</dict>
		<key>574EC4351CB7DE7F0063F317</key>
		<dict>
			<key>children</key>
			<array>
				<string>574EC4361CB7DE7F0063F317</string>
			</array>
			<key>isa</key>
			<string>PBXGroup</string>
			<key>path</key>
			<string>Text</string>
			<key>sourceTree</key>
			<string>&lt;group&gt;</string>
		</dict>
		<key>574EC4361CB7DE7F0063F317</key>
		<dict>
			<key>fileEncoding</key>
			<string>4</string>
			<key>isa</key>
			<string>PBXFileReference</string>
			<key>lastKnownFileType</key>
			<string>sourcecode.swift</string>
			<key>path</key>
			<string>TextExampleView.swift</string>
			<key>sourceTree</key>
			<string>&lt;group&gt;</string>
		</dict>
		<key>574EC4371CB7DE7F0063F317</key>
		<dict>
			<key>fileRef</key>
			<string>574EC4291CB7DE7F0063F317</string>
			<key>isa</key>
			<string>PBXBuildFile</string>
		</dict>
		<key>574EC4381CB7DE7F0063F317</key>
		<dict>
			<key>fileRef</key>
			<string>574EC42A1CB7DE7F0063F317</string>
			<key>isa</key>
			<string>PBXBuildFile</string>
		</dict>
		<key>574EC4391CB7DE7F0063F317</key>
		<dict>
			<key>fileRef</key>
			<string>574EC42B1CB7DE7F0063F317</string>
			<key>isa</key>
			<string>PBXBuildFile</string>
		</dict>
		<key>574EC43A1CB7DE7F0063F317</key>
		<dict>
			<key>fileRef</key>
			<string>574EC42D1CB7DE7F0063F317</string>
			<key>isa</key>
			<string>PBXBuildFile</string>
		</dict>
		<key>574EC43B1CB7DE7F0063F317</key>
		<dict>
			<key>fileRef</key>
			<string>574EC42F1CB7DE7F0063F317</string>
			<key>isa</key>
			<string>PBXBuildFile</string>
		</dict>
		<key>574EC43C1CB7DE7F0063F317</key>
		<dict>
			<key>fileRef</key>
			<string>574EC4301CB7DE7F0063F317</string>
			<key>isa</key>
			<string>PBXBuildFile</string>
		</dict>
		<key>574EC43D1CB7DE7F0063F317</key>
		<dict>
			<key>fileRef</key>
			<string>574EC4321CB7DE7F0063F317</string>
			<key>isa</key>
			<string>PBXBuildFile</string>
		</dict>
		<key>574EC43E1CB7DE7F0063F317</key>
		<dict>
			<key>fileRef</key>
			<string>574EC4341CB7DE7F0063F317</string>
			<key>isa</key>
			<string>PBXBuildFile</string>
		</dict>
		<key>574EC43F1CB7DE7F0063F317</key>
		<dict>
			<key>fileRef</key>
			<string>574EC4361CB7DE7F0063F317</string>
			<key>isa</key>
			<string>PBXBuildFile</string>
		</dict>
		<key>574EC4401CB7E2440063F317</key>
		<dict>
			<key>fileEncoding</key>
			<string>4</string>
			<key>isa</key>
			<string>PBXFileReference</string>
			<key>lastKnownFileType</key>
			<string>sourcecode.swift</string>
			<key>name</key>
			<string>MenuViewController.swift</string>
			<key>path</key>
			<string>Example/MenuViewController.swift</string>
			<key>sourceTree</key>
			<string>SOURCE_ROOT</string>
		</dict>
		<key>574EC4411CB7E2440063F317</key>
		<dict>
			<key>fileRef</key>
			<string>574EC4401CB7E2440063F317</string>
			<key>isa</key>
			<string>PBXBuildFile</string>
		</dict>
		<key>574EC4421CBB607E0063F317</key>
		<dict>
			<key>children</key>
			<array>
				<string>574EC4431CBB60AF0063F317</string>
				<string>575129B51CBD14AF00BD3C2E</string>
			</array>
			<key>isa</key>
			<string>PBXGroup</string>
			<key>path</key>
			<string>Animations</string>
			<key>sourceTree</key>
			<string>&lt;group&gt;</string>
		</dict>
		<key>574EC4431CBB60AF0063F317</key>
		<dict>
			<key>fileEncoding</key>
			<string>4</string>
			<key>isa</key>
			<string>PBXFileReference</string>
			<key>lastKnownFileType</key>
			<string>sourcecode.swift</string>
			<key>path</key>
			<string>AnimationsExampleController.swift</string>
			<key>sourceTree</key>
			<string>&lt;group&gt;</string>
		</dict>
		<key>574EC4441CBB60AF0063F317</key>
		<dict>
			<key>fileRef</key>
			<string>574EC4431CBB60AF0063F317</string>
			<key>isa</key>
			<string>PBXBuildFile</string>
		</dict>
		<key>575129B51CBD14AF00BD3C2E</key>
		<dict>
			<key>fileEncoding</key>
			<string>4</string>
			<key>isa</key>
			<string>PBXFileReference</string>
			<key>lastKnownFileType</key>
			<string>sourcecode.swift</string>
			<key>path</key>
			<string>AnimationsView.swift</string>
			<key>sourceTree</key>
			<string>&lt;group&gt;</string>
		</dict>
		<key>575129B61CBD14AF00BD3C2E</key>
		<dict>
			<key>fileRef</key>
			<string>575129B51CBD14AF00BD3C2E</string>
			<key>isa</key>
			<string>PBXBuildFile</string>
		</dict>
		<key>578791A01CEDCE8B008D85A1</key>
		<dict>
			<key>fileEncoding</key>
			<string>4</string>
			<key>isa</key>
			<string>PBXFileReference</string>
			<key>lastKnownFileType</key>
			<string>text.xml</string>
			<key>name</key>
			<string>tree.svg</string>
			<key>path</key>
			<string>Example/Assets/SVG/tree.svg</string>
			<key>sourceTree</key>
			<string>&lt;group&gt;</string>
		</dict>
		<key>578791A11CEDCE8B008D85A1</key>
		<dict>
			<key>fileRef</key>
			<string>578791A01CEDCE8B008D85A1</string>
			<key>isa</key>
			<string>PBXBuildFile</string>
		</dict>
		<key>65CBD13FE29C7F0265D0E051</key>
		<dict>
			<key>children</key>
			<array>
				<string>0A92F90D3D20D2A289BED45F</string>
			</array>
			<key>isa</key>
			<string>PBXGroup</string>
			<key>name</key>
			<string>Frameworks</string>
			<key>sourceTree</key>
			<string>&lt;group&gt;</string>
		</dict>
		<key>66AE19D31CC8C7A100B78B5E</key>
		<dict>
			<key>children</key>
			<array>
				<string>66AE19D61CC8C7EA00B78B5E</string>
				<string>B0A258841D50D81600829B35</string>
			</array>
			<key>isa</key>
			<string>PBXGroup</string>
			<key>name</key>
			<string>SVG</string>
			<key>sourceTree</key>
			<string>&lt;group&gt;</string>
		</dict>
		<key>66AE19D61CC8C7EA00B78B5E</key>
		<dict>
			<key>fileEncoding</key>
			<string>4</string>
			<key>isa</key>
			<string>PBXFileReference</string>
			<key>lastKnownFileType</key>
			<string>sourcecode.swift</string>
			<key>name</key>
			<string>SVGExampleViewController.swift</string>
			<key>path</key>
			<string>SVG/SVGExampleViewController.swift</string>
			<key>sourceTree</key>
			<string>&lt;group&gt;</string>
		</dict>
		<key>66AE19D71CC8C7EA00B78B5E</key>
		<dict>
			<key>fileRef</key>
			<string>66AE19D61CC8C7EA00B78B5E</string>
			<key>isa</key>
			<string>PBXBuildFile</string>
		</dict>
		<key>66AE19D81CC8CAB000B78B5E</key>
		<dict>
			<key>children</key>
			<array>
				<string>66AE19D91CC8CAB600B78B5E</string>
			</array>
			<key>isa</key>
			<string>PBXGroup</string>
			<key>name</key>
			<string>Assets</string>
			<key>sourceTree</key>
			<string>&lt;group&gt;</string>
		</dict>
		<key>66AE19D91CC8CAB600B78B5E</key>
		<dict>
			<key>children</key>
			<array>
				<string>571B0FF51CEDDBD900A998E2</string>
				<string>578791A01CEDCE8B008D85A1</string>
				<string>C1B159761D51DC8800D2FC13</string>
				<string>C1B159771D51DC8800D2FC13</string>
				<string>C1B159781D51DC8800D2FC13</string>
				<string>C1B159791D51DC8800D2FC13</string>
				<string>C1B1597A1D51DC8800D2FC13</string>
				<string>5720C6B01CECA89E00090FC6</string>
				<string>C1B159741D51BA8100D2FC13</string>
				<string>66AE19DA1CC8CB3C00B78B5E</string>
			</array>
			<key>isa</key>
			<string>PBXGroup</string>
			<key>name</key>
			<string>SVG</string>
			<key>sourceTree</key>
			<string>&lt;group&gt;</string>
		</dict>
		<key>66AE19DA1CC8CB3C00B78B5E</key>
		<dict>
			<key>fileEncoding</key>
			<string>4</string>
			<key>isa</key>
			<string>PBXFileReference</string>
			<key>lastKnownFileType</key>
			<string>text.xml</string>
			<key>name</key>
			<string>tiger.svg</string>
			<key>path</key>
			<string>Example/Assets/SVG/tiger.svg</string>
			<key>sourceTree</key>
			<string>&lt;group&gt;</string>
		</dict>
		<key>66AE19DB1CC8CB3C00B78B5E</key>
		<dict>
			<key>fileRef</key>
			<string>66AE19DA1CC8CB3C00B78B5E</string>
			<key>isa</key>
			<string>PBXBuildFile</string>
		</dict>
		<key>B02E75E41C16104900D1971D</key>
		<dict>
			<key>children</key>
			<array>
				<string>66AE19D81CC8CAB000B78B5E</string>
				<string>24BE06FF1C6B91C800B5882F</string>
				<string>B02E75EF1C16104900D1971D</string>
				<string>B02E75EE1C16104900D1971D</string>
				<string>04C58A7728E2EE04767EC462</string>
				<string>65CBD13FE29C7F0265D0E051</string>
			</array>
			<key>isa</key>
			<string>PBXGroup</string>
			<key>sourceTree</key>
			<string>&lt;group&gt;</string>
		</dict>
		<key>B02E75E51C16104900D1971D</key>
		<dict>
			<key>attributes</key>
			<dict>
				<key>LastSwiftUpdateCheck</key>
				<string>0710</string>
				<key>LastUpgradeCheck</key>
				<string>0710</string>
				<key>ORGANIZATIONNAME</key>
				<string>Exyte</string>
				<key>TargetAttributes</key>
				<dict>
					<key>B02E75EC1C16104900D1971D</key>
					<dict>
						<key>CreatedOnToolsVersion</key>
						<string>7.1.1</string>
						<key>DevelopmentTeam</key>
						<string>7DJJE3E4M9</string>
					</dict>
				</dict>
			</dict>
			<key>buildConfigurationList</key>
			<string>B02E75E81C16104900D1971D</string>
			<key>compatibilityVersion</key>
			<string>Xcode 3.2</string>
			<key>developmentRegion</key>
			<string>English</string>
			<key>hasScannedForEncodings</key>
			<string>0</string>
			<key>isa</key>
			<string>PBXProject</string>
			<key>knownRegions</key>
			<array>
				<string>en</string>
				<string>Base</string>
			</array>
			<key>mainGroup</key>
			<string>B02E75E41C16104900D1971D</string>
			<key>productRefGroup</key>
			<string>B02E75EE1C16104900D1971D</string>
			<key>projectDirPath</key>
			<string></string>
			<key>projectReferences</key>
			<array/>
			<key>projectRoot</key>
			<string></string>
			<key>targets</key>
			<array>
				<string>B02E75EC1C16104900D1971D</string>
			</array>
		</dict>
		<key>B02E75E81C16104900D1971D</key>
		<dict>
			<key>buildConfigurations</key>
			<array>
				<string>B02E75FD1C16104900D1971D</string>
				<string>B02E75FE1C16104900D1971D</string>
			</array>
			<key>defaultConfigurationIsVisible</key>
			<string>0</string>
			<key>defaultConfigurationName</key>
			<string>Release</string>
			<key>isa</key>
			<string>XCConfigurationList</string>
		</dict>
		<key>B02E75E91C16104900D1971D</key>
		<dict>
			<key>buildActionMask</key>
			<string>2147483647</string>
			<key>files</key>
			<array>
				<string>574EC43F1CB7DE7F0063F317</string>
				<string>574EC43C1CB7DE7F0063F317</string>
				<string>574EC4441CBB60AF0063F317</string>
				<string>5708F7E61CC8A783002AA500</string>
				<string>575129B61CBD14AF00BD3C2E</string>
				<string>66AE19D71CC8C7EA00B78B5E</string>
				<string>24B291241D523F0B000498B3</string>
				<string>B0A258851D50D81600829B35</string>
				<string>24BE07041C6DF1F000B5882F</string>
				<string>574EC43A1CB7DE7F0063F317</string>
				<string>B02E75F11C16104900D1971D</string>
				<string>574EC4371CB7DE7F0063F317</string>
				<string>574EC4391CB7DE7F0063F317</string>
				<string>574EC4411CB7E2440063F317</string>
				<string>574EC43D1CB7DE7F0063F317</string>
				<string>574EC43E1CB7DE7F0063F317</string>
				<string>574EC4381CB7DE7F0063F317</string>
				<string>574EC43B1CB7DE7F0063F317</string>
			</array>
			<key>isa</key>
			<string>PBXSourcesBuildPhase</string>
			<key>runOnlyForDeploymentPostprocessing</key>
			<string>0</string>
		</dict>
		<key>B02E75EA1C16104900D1971D</key>
		<dict>
			<key>buildActionMask</key>
			<string>2147483647</string>
			<key>files</key>
			<array>
				<string>48BC2FE8BD3BF26100D04E07</string>
			</array>
			<key>isa</key>
			<string>PBXFrameworksBuildPhase</string>
			<key>runOnlyForDeploymentPostprocessing</key>
			<string>0</string>
		</dict>
		<key>B02E75EB1C16104900D1971D</key>
		<dict>
			<key>buildActionMask</key>
			<string>2147483647</string>
			<key>files</key>
			<array>
				<string>C1B159751D51BA8100D2FC13</string>
				<string>B02E75FB1C16104900D1971D</string>
				<string>578791A11CEDCE8B008D85A1</string>
				<string>C1B1597D1D51DC8800D2FC13</string>
				<string>C1B1597E1D51DC8800D2FC13</string>
				<string>B02E75F81C16104900D1971D</string>
				<string>C1B1597F1D51DC8800D2FC13</string>
				<string>571B0FF61CEDDBD900A998E2</string>
				<string>5720C6B11CECA89E00090FC6</string>
				<string>C1B1597B1D51DC8800D2FC13</string>
				<string>66AE19DB1CC8CB3C00B78B5E</string>
				<string>C1B1597C1D51DC8800D2FC13</string>
				<string>B02E75F61C16104900D1971D</string>
			</array>
			<key>isa</key>
			<string>PBXResourcesBuildPhase</string>
			<key>runOnlyForDeploymentPostprocessing</key>
			<string>0</string>
		</dict>
		<key>B02E75EC1C16104900D1971D</key>
		<dict>
			<key>buildConfigurationList</key>
			<string>B02E75FF1C16104900D1971D</string>
			<key>buildPhases</key>
			<array>
				<string>E0E7226688D87F7AF53552BB</string>
				<string>B02E75E91C16104900D1971D</string>
				<string>B02E75EA1C16104900D1971D</string>
				<string>B02E75EB1C16104900D1971D</string>
				<string>B02E76111C16112700D1971D</string>
				<string>1363B98F428BA2C3D28D6A08</string>
				<string>DEC10E8582B4D7787782877A</string>
				<string>B0FA944360B787472EFB3D94</string>
			</array>
			<key>buildRules</key>
			<array/>
			<key>dependencies</key>
			<array/>
			<key>isa</key>
			<string>PBXNativeTarget</string>
			<key>name</key>
			<string>Example</string>
			<key>productName</key>
			<string>Example</string>
			<key>productReference</key>
			<string>B02E75ED1C16104900D1971D</string>
			<key>productType</key>
			<string>com.apple.product-type.application</string>
		</dict>
		<key>B02E75ED1C16104900D1971D</key>
		<dict>
			<key>explicitFileType</key>
			<string>wrapper.application</string>
			<key>includeInIndex</key>
			<string>0</string>
			<key>isa</key>
			<string>PBXFileReference</string>
			<key>path</key>
			<string>Example.app</string>
			<key>sourceTree</key>
			<string>BUILT_PRODUCTS_DIR</string>
		</dict>
		<key>B02E75EE1C16104900D1971D</key>
		<dict>
			<key>children</key>
			<array>
				<string>B02E75ED1C16104900D1971D</string>
			</array>
			<key>isa</key>
			<string>PBXGroup</string>
			<key>name</key>
			<string>Products</string>
			<key>sourceTree</key>
			<string>&lt;group&gt;</string>
		</dict>
		<key>B02E75EF1C16104900D1971D</key>
		<dict>
			<key>children</key>
			<array>
				<string>574EC4271CB7DE7F0063F317</string>
				<string>B02E75F01C16104900D1971D</string>
				<string>24BE07031C6DF1F000B5882F</string>
				<string>B02E75F41C16104900D1971D</string>
				<string>B02E75F91C16104900D1971D</string>
				<string>B02E75F71C16104900D1971D</string>
				<string>B02E75FC1C16104900D1971D</string>
			</array>
			<key>isa</key>
			<string>PBXGroup</string>
			<key>path</key>
			<string>Example</string>
			<key>sourceTree</key>
			<string>&lt;group&gt;</string>
		</dict>
		<key>B02E75F01C16104900D1971D</key>
		<dict>
			<key>isa</key>
			<string>PBXFileReference</string>
			<key>lastKnownFileType</key>
			<string>sourcecode.swift</string>
			<key>path</key>
			<string>AppDelegate.swift</string>
			<key>sourceTree</key>
			<string>&lt;group&gt;</string>
		</dict>
		<key>B02E75F11C16104900D1971D</key>
		<dict>
			<key>fileRef</key>
			<string>B02E75F01C16104900D1971D</string>
			<key>isa</key>
			<string>PBXBuildFile</string>
		</dict>
		<key>B02E75F41C16104900D1971D</key>
		<dict>
			<key>children</key>
			<array>
				<string>B02E75F51C16104900D1971D</string>
			</array>
			<key>isa</key>
			<string>PBXVariantGroup</string>
			<key>name</key>
			<string>Main.storyboard</string>
			<key>sourceTree</key>
			<string>&lt;group&gt;</string>
		</dict>
		<key>B02E75F51C16104900D1971D</key>
		<dict>
			<key>isa</key>
			<string>PBXFileReference</string>
			<key>lastKnownFileType</key>
			<string>file.storyboard</string>
			<key>name</key>
			<string>Base</string>
			<key>path</key>
			<string>Base.lproj/Main.storyboard</string>
			<key>sourceTree</key>
			<string>&lt;group&gt;</string>
		</dict>
		<key>B02E75F61C16104900D1971D</key>
		<dict>
			<key>fileRef</key>
			<string>B02E75F41C16104900D1971D</string>
			<key>isa</key>
			<string>PBXBuildFile</string>
		</dict>
		<key>B02E75F71C16104900D1971D</key>
		<dict>
			<key>isa</key>
			<string>PBXFileReference</string>
			<key>lastKnownFileType</key>
			<string>folder.assetcatalog</string>
			<key>path</key>
			<string>Assets.xcassets</string>
			<key>sourceTree</key>
			<string>&lt;group&gt;</string>
		</dict>
		<key>B02E75F81C16104900D1971D</key>
		<dict>
			<key>fileRef</key>
			<string>B02E75F71C16104900D1971D</string>
			<key>isa</key>
			<string>PBXBuildFile</string>
		</dict>
		<key>B02E75F91C16104900D1971D</key>
		<dict>
			<key>children</key>
			<array>
				<string>B02E75FA1C16104900D1971D</string>
			</array>
			<key>isa</key>
			<string>PBXVariantGroup</string>
			<key>name</key>
			<string>LaunchScreen.storyboard</string>
			<key>sourceTree</key>
			<string>&lt;group&gt;</string>
		</dict>
		<key>B02E75FA1C16104900D1971D</key>
		<dict>
			<key>isa</key>
			<string>PBXFileReference</string>
			<key>lastKnownFileType</key>
			<string>file.storyboard</string>
			<key>name</key>
			<string>Base</string>
			<key>path</key>
			<string>Base.lproj/LaunchScreen.storyboard</string>
			<key>sourceTree</key>
			<string>&lt;group&gt;</string>
		</dict>
		<key>B02E75FB1C16104900D1971D</key>
		<dict>
			<key>fileRef</key>
			<string>B02E75F91C16104900D1971D</string>
			<key>isa</key>
			<string>PBXBuildFile</string>
		</dict>
		<key>B02E75FC1C16104900D1971D</key>
		<dict>
			<key>isa</key>
			<string>PBXFileReference</string>
			<key>lastKnownFileType</key>
			<string>text.plist.xml</string>
			<key>path</key>
			<string>Info.plist</string>
			<key>sourceTree</key>
			<string>&lt;group&gt;</string>
		</dict>
		<key>B02E75FD1C16104900D1971D</key>
		<dict>
			<key>buildSettings</key>
			<dict>
				<key>ALWAYS_SEARCH_USER_PATHS</key>
				<string>NO</string>
				<key>CLANG_CXX_LANGUAGE_STANDARD</key>
				<string>gnu++0x</string>
				<key>CLANG_CXX_LIBRARY</key>
				<string>libc++</string>
				<key>CLANG_ENABLE_MODULES</key>
				<string>YES</string>
				<key>CLANG_ENABLE_OBJC_ARC</key>
				<string>YES</string>
				<key>CLANG_WARN_BOOL_CONVERSION</key>
				<string>YES</string>
				<key>CLANG_WARN_CONSTANT_CONVERSION</key>
				<string>YES</string>
				<key>CLANG_WARN_DIRECT_OBJC_ISA_USAGE</key>
				<string>YES_ERROR</string>
				<key>CLANG_WARN_EMPTY_BODY</key>
				<string>YES</string>
				<key>CLANG_WARN_ENUM_CONVERSION</key>
				<string>YES</string>
				<key>CLANG_WARN_INT_CONVERSION</key>
				<string>YES</string>
				<key>CLANG_WARN_OBJC_ROOT_CLASS</key>
				<string>YES_ERROR</string>
				<key>CLANG_WARN_UNREACHABLE_CODE</key>
				<string>YES</string>
				<key>CLANG_WARN__DUPLICATE_METHOD_MATCH</key>
				<string>YES</string>
				<key>CODE_SIGN_IDENTITY[sdk=iphoneos*]</key>
				<string>iPhone Developer</string>
				<key>COPY_PHASE_STRIP</key>
				<string>NO</string>
				<key>DEBUG_INFORMATION_FORMAT</key>
				<string>dwarf</string>
				<key>ENABLE_STRICT_OBJC_MSGSEND</key>
				<string>YES</string>
				<key>ENABLE_TESTABILITY</key>
				<string>YES</string>
				<key>GCC_C_LANGUAGE_STANDARD</key>
				<string>gnu99</string>
				<key>GCC_DYNAMIC_NO_PIC</key>
				<string>NO</string>
				<key>GCC_NO_COMMON_BLOCKS</key>
				<string>YES</string>
				<key>GCC_OPTIMIZATION_LEVEL</key>
				<string>0</string>
				<key>GCC_PREPROCESSOR_DEFINITIONS</key>
				<array>
					<string>DEBUG=1</string>
					<string>$(inherited)</string>
				</array>
				<key>GCC_WARN_64_TO_32_BIT_CONVERSION</key>
				<string>YES</string>
				<key>GCC_WARN_ABOUT_RETURN_TYPE</key>
				<string>YES_ERROR</string>
				<key>GCC_WARN_UNDECLARED_SELECTOR</key>
				<string>YES</string>
				<key>GCC_WARN_UNINITIALIZED_AUTOS</key>
				<string>YES_AGGRESSIVE</string>
				<key>GCC_WARN_UNUSED_FUNCTION</key>
				<string>YES</string>
				<key>GCC_WARN_UNUSED_VARIABLE</key>
				<string>YES</string>
				<key>IPHONEOS_DEPLOYMENT_TARGET</key>
				<string>9.1</string>
				<key>MTL_ENABLE_DEBUG_INFO</key>
				<string>YES</string>
				<key>ONLY_ACTIVE_ARCH</key>
				<string>YES</string>
				<key>SDKROOT</key>
				<string>iphoneos</string>
				<key>SWIFT_OPTIMIZATION_LEVEL</key>
				<string>-Onone</string>
			</dict>
			<key>isa</key>
			<string>XCBuildConfiguration</string>
			<key>name</key>
			<string>Debug</string>
		</dict>
		<key>B02E75FE1C16104900D1971D</key>
		<dict>
			<key>buildSettings</key>
			<dict>
				<key>ALWAYS_SEARCH_USER_PATHS</key>
				<string>NO</string>
				<key>CLANG_CXX_LANGUAGE_STANDARD</key>
				<string>gnu++0x</string>
				<key>CLANG_CXX_LIBRARY</key>
				<string>libc++</string>
				<key>CLANG_ENABLE_MODULES</key>
				<string>YES</string>
				<key>CLANG_ENABLE_OBJC_ARC</key>
				<string>YES</string>
				<key>CLANG_WARN_BOOL_CONVERSION</key>
				<string>YES</string>
				<key>CLANG_WARN_CONSTANT_CONVERSION</key>
				<string>YES</string>
				<key>CLANG_WARN_DIRECT_OBJC_ISA_USAGE</key>
				<string>YES_ERROR</string>
				<key>CLANG_WARN_EMPTY_BODY</key>
				<string>YES</string>
				<key>CLANG_WARN_ENUM_CONVERSION</key>
				<string>YES</string>
				<key>CLANG_WARN_INT_CONVERSION</key>
				<string>YES</string>
				<key>CLANG_WARN_OBJC_ROOT_CLASS</key>
				<string>YES_ERROR</string>
				<key>CLANG_WARN_UNREACHABLE_CODE</key>
				<string>YES</string>
				<key>CLANG_WARN__DUPLICATE_METHOD_MATCH</key>
				<string>YES</string>
				<key>CODE_SIGN_IDENTITY[sdk=iphoneos*]</key>
				<string>iPhone Developer</string>
				<key>COPY_PHASE_STRIP</key>
				<string>NO</string>
				<key>DEBUG_INFORMATION_FORMAT</key>
				<string>dwarf-with-dsym</string>
				<key>ENABLE_NS_ASSERTIONS</key>
				<string>NO</string>
				<key>ENABLE_STRICT_OBJC_MSGSEND</key>
				<string>YES</string>
				<key>GCC_C_LANGUAGE_STANDARD</key>
				<string>gnu99</string>
				<key>GCC_NO_COMMON_BLOCKS</key>
				<string>YES</string>
				<key>GCC_WARN_64_TO_32_BIT_CONVERSION</key>
				<string>YES</string>
				<key>GCC_WARN_ABOUT_RETURN_TYPE</key>
				<string>YES_ERROR</string>
				<key>GCC_WARN_UNDECLARED_SELECTOR</key>
				<string>YES</string>
				<key>GCC_WARN_UNINITIALIZED_AUTOS</key>
				<string>YES_AGGRESSIVE</string>
				<key>GCC_WARN_UNUSED_FUNCTION</key>
				<string>YES</string>
				<key>GCC_WARN_UNUSED_VARIABLE</key>
				<string>YES</string>
				<key>IPHONEOS_DEPLOYMENT_TARGET</key>
				<string>9.1</string>
				<key>MTL_ENABLE_DEBUG_INFO</key>
				<string>NO</string>
				<key>SDKROOT</key>
				<string>iphoneos</string>
				<key>VALIDATE_PRODUCT</key>
				<string>YES</string>
			</dict>
			<key>isa</key>
			<string>XCBuildConfiguration</string>
			<key>name</key>
			<string>Release</string>
		</dict>
		<key>B02E75FF1C16104900D1971D</key>
		<dict>
			<key>buildConfigurations</key>
			<array>
				<string>B02E76001C16104900D1971D</string>
				<string>B02E76011C16104900D1971D</string>
			</array>
			<key>defaultConfigurationIsVisible</key>
			<string>0</string>
			<key>defaultConfigurationName</key>
			<string>Release</string>
			<key>isa</key>
			<string>XCConfigurationList</string>
		</dict>
		<key>B02E76001C16104900D1971D</key>
		<dict>
			<key>baseConfigurationReference</key>
			<string>B1435E8977BA0B9A49C4E399</string>
			<key>buildSettings</key>
			<dict>
				<key>ASSETCATALOG_COMPILER_APPICON_NAME</key>
				<string>AppIcon</string>
				<key>CODE_SIGN_IDENTITY</key>
				<string>iPhone Developer</string>
				<key>CODE_SIGN_IDENTITY[sdk=iphoneos*]</key>
				<string>iPhone Developer</string>
				<key>INFOPLIST_FILE</key>
				<string>Example/Info.plist</string>
				<key>IPHONEOS_DEPLOYMENT_TARGET</key>
				<string>9.0</string>
				<key>LD_RUNPATH_SEARCH_PATHS</key>
				<string>$(inherited) @executable_path/Frameworks</string>
				<key>PRODUCT_BUNDLE_IDENTIFIER</key>
				<string>com.exyte.Example.Example</string>
				<key>PRODUCT_NAME</key>
				<string>$(TARGET_NAME)</string>
				<key>PROVISIONING_PROFILE</key>
				<string></string>
			</dict>
			<key>isa</key>
			<string>XCBuildConfiguration</string>
			<key>name</key>
			<string>Debug</string>
		</dict>
		<key>B02E76011C16104900D1971D</key>
		<dict>
			<key>baseConfigurationReference</key>
			<string>131DDFA4A9D164CC4B64C3E8</string>
			<key>buildSettings</key>
			<dict>
				<key>ASSETCATALOG_COMPILER_APPICON_NAME</key>
				<string>AppIcon</string>
				<key>CODE_SIGN_IDENTITY</key>
				<string>iPhone Developer</string>
				<key>CODE_SIGN_IDENTITY[sdk=iphoneos*]</key>
				<string>iPhone Developer</string>
				<key>INFOPLIST_FILE</key>
				<string>Example/Info.plist</string>
				<key>IPHONEOS_DEPLOYMENT_TARGET</key>
				<string>9.0</string>
				<key>LD_RUNPATH_SEARCH_PATHS</key>
				<string>$(inherited) @executable_path/Frameworks</string>
				<key>PRODUCT_BUNDLE_IDENTIFIER</key>
				<string>com.exyte.Example.Example</string>
				<key>PRODUCT_NAME</key>
				<string>$(TARGET_NAME)</string>
				<key>PROVISIONING_PROFILE</key>
				<string></string>
			</dict>
			<key>isa</key>
			<string>XCBuildConfiguration</string>
			<key>name</key>
			<string>Release</string>
		</dict>
		<key>B02E76111C16112700D1971D</key>
		<dict>
			<key>buildActionMask</key>
			<string>2147483647</string>
			<key>dstPath</key>
			<string></string>
			<key>dstSubfolderSpec</key>
			<string>10</string>
			<key>files</key>
			<array/>
			<key>isa</key>
			<string>PBXCopyFilesBuildPhase</string>
			<key>name</key>
			<string>Copy Frameworks</string>
			<key>runOnlyForDeploymentPostprocessing</key>
			<string>0</string>
		</dict>
		<key>B0A258841D50D81600829B35</key>
		<dict>
			<key>fileEncoding</key>
			<string>4</string>
			<key>isa</key>
			<string>PBXFileReference</string>
			<key>lastKnownFileType</key>
			<string>sourcecode.swift</string>
			<key>path</key>
			<string>SVGChartsView.swift</string>
			<key>sourceTree</key>
			<string>&lt;group&gt;</string>
		</dict>
		<key>B0A258851D50D81600829B35</key>
		<dict>
			<key>fileRef</key>
			<string>B0A258841D50D81600829B35</string>
			<key>isa</key>
			<string>PBXBuildFile</string>
		</dict>
		<key>B0FA944360B787472EFB3D94</key>
		<dict>
			<key>buildActionMask</key>
			<string>2147483647</string>
			<key>files</key>
			<array/>
			<key>inputPaths</key>
			<array/>
			<key>isa</key>
			<string>PBXShellScriptBuildPhase</string>
			<key>name</key>
			<string>Embed Pods Frameworks</string>
			<key>outputPaths</key>
			<array/>
			<key>runOnlyForDeploymentPostprocessing</key>
			<string>0</string>
			<key>shellPath</key>
			<string>/bin/sh</string>
			<key>shellScript</key>
			<string>"${SRCROOT}/Pods/Target Support Files/Pods-Example/Pods-Example-frameworks.sh"
</string>
			<key>showEnvVarsInLog</key>
			<string>0</string>
		</dict>
		<key>B1435E8977BA0B9A49C4E399</key>
		<dict>
			<key>includeInIndex</key>
			<string>1</string>
			<key>isa</key>
			<string>PBXFileReference</string>
			<key>lastKnownFileType</key>
			<string>text.xcconfig</string>
			<key>name</key>
			<string>Pods-Example.debug.xcconfig</string>
			<key>path</key>
			<string>Pods/Target Support Files/Pods-Example/Pods-Example.debug.xcconfig</string>
			<key>sourceTree</key>
			<string>&lt;group&gt;</string>
		</dict>
		<key>C1B159741D51BA8100D2FC13</key>
		<dict>
			<key>fileEncoding</key>
			<string>4</string>
			<key>isa</key>
			<string>PBXFileReference</string>
			<key>lastKnownFileType</key>
			<string>text.xml</string>
			<key>name</key>
			<string>pie-chart.svg</string>
			<key>path</key>
			<string>Example/Assets/SVG/pie-chart.svg</string>
			<key>sourceTree</key>
			<string>&lt;group&gt;</string>
		</dict>
		<key>C1B159751D51BA8100D2FC13</key>
		<dict>
			<key>fileRef</key>
			<string>C1B159741D51BA8100D2FC13</string>
			<key>isa</key>
			<string>PBXBuildFile</string>
		</dict>
		<key>C1B159761D51DC8800D2FC13</key>
		<dict>
			<key>fileEncoding</key>
			<string>4</string>
			<key>isa</key>
			<string>PBXFileReference</string>
			<key>lastKnownFileType</key>
			<string>text.xml</string>
			<key>name</key>
			<string>7.svg</string>
			<key>path</key>
			<string>Example/Assets/SVG/7.svg</string>
			<key>sourceTree</key>
			<string>&lt;group&gt;</string>
		</dict>
		<key>C1B159771D51DC8800D2FC13</key>
		<dict>
			<key>fileEncoding</key>
			<string>4</string>
			<key>isa</key>
			<string>PBXFileReference</string>
			<key>lastKnownFileType</key>
			<string>text.xml</string>
			<key>name</key>
			<string>bar.svg</string>
			<key>path</key>
			<string>Example/Assets/SVG/bar.svg</string>
			<key>sourceTree</key>
			<string>&lt;group&gt;</string>
		</dict>
		<key>C1B159781D51DC8800D2FC13</key>
		<dict>
			<key>fileEncoding</key>
			<string>4</string>
			<key>isa</key>
			<string>PBXFileReference</string>
			<key>lastKnownFileType</key>
			<string>text.xml</string>
			<key>name</key>
			<string>charts2.svg</string>
			<key>path</key>
			<string>Example/Assets/SVG/charts2.svg</string>
			<key>sourceTree</key>
			<string>&lt;group&gt;</string>
		</dict>
		<key>C1B159791D51DC8800D2FC13</key>
		<dict>
			<key>fileEncoding</key>
			<string>4</string>
			<key>isa</key>
			<string>PBXFileReference</string>
			<key>lastKnownFileType</key>
			<string>text.xml</string>
			<key>name</key>
			<string>Group.svg</string>
			<key>path</key>
			<string>Example/Assets/SVG/Group.svg</string>
			<key>sourceTree</key>
			<string>&lt;group&gt;</string>
		</dict>
		<key>C1B1597A1D51DC8800D2FC13</key>
		<dict>
			<key>fileEncoding</key>
			<string>4</string>
			<key>isa</key>
			<string>PBXFileReference</string>
			<key>lastKnownFileType</key>
			<string>text.xml</string>
			<key>name</key>
			<string>Group3.svg</string>
			<key>path</key>
			<string>Example/Assets/SVG/Group3.svg</string>
			<key>sourceTree</key>
			<string>&lt;group&gt;</string>
		</dict>
		<key>C1B1597B1D51DC8800D2FC13</key>
		<dict>
			<key>fileRef</key>
			<string>C1B159761D51DC8800D2FC13</string>
			<key>isa</key>
			<string>PBXBuildFile</string>
		</dict>
		<key>C1B1597C1D51DC8800D2FC13</key>
		<dict>
			<key>fileRef</key>
			<string>C1B159771D51DC8800D2FC13</string>
			<key>isa</key>
			<string>PBXBuildFile</string>
		</dict>
		<key>C1B1597D1D51DC8800D2FC13</key>
		<dict>
			<key>fileRef</key>
			<string>C1B159781D51DC8800D2FC13</string>
			<key>isa</key>
			<string>PBXBuildFile</string>
		</dict>
		<key>C1B1597E1D51DC8800D2FC13</key>
		<dict>
			<key>fileRef</key>
			<string>C1B159791D51DC8800D2FC13</string>
			<key>isa</key>
			<string>PBXBuildFile</string>
		</dict>
		<key>C1B1597F1D51DC8800D2FC13</key>
		<dict>
			<key>fileRef</key>
			<string>C1B1597A1D51DC8800D2FC13</string>
			<key>isa</key>
			<string>PBXBuildFile</string>
		</dict>
		<key>DEC10E8582B4D7787782877A</key>
		<dict>
			<key>buildActionMask</key>
			<string>2147483647</string>
			<key>files</key>
			<array/>
			<key>inputPaths</key>
			<array/>
			<key>isa</key>
			<string>PBXShellScriptBuildPhase</string>
			<key>name</key>
			<string>[CP] Copy Pods Resources</string>
			<key>outputPaths</key>
			<array/>
			<key>runOnlyForDeploymentPostprocessing</key>
			<string>0</string>
			<key>shellPath</key>
			<string>/bin/sh</string>
			<key>shellScript</key>
			<string>"${SRCROOT}/Pods/Target Support Files/Pods-Example/Pods-Example-resources.sh"
</string>
			<key>showEnvVarsInLog</key>
			<string>0</string>
		</dict>
		<key>E0E7226688D87F7AF53552BB</key>
		<dict>
			<key>buildActionMask</key>
			<string>2147483647</string>
			<key>files</key>
			<array/>
			<key>inputPaths</key>
			<array/>
			<key>isa</key>
			<string>PBXShellScriptBuildPhase</string>
			<key>name</key>
			<string>[CP] Check Pods Manifest.lock</string>
			<key>outputPaths</key>
			<array/>
			<key>runOnlyForDeploymentPostprocessing</key>
			<string>0</string>
			<key>shellPath</key>
			<string>/bin/sh</string>
			<key>shellScript</key>
			<string>diff "${PODS_ROOT}/../Podfile.lock" "${PODS_ROOT}/Manifest.lock" &gt; /dev/null
if [[ $? != 0 ]] ; then
    cat &lt;&lt; EOM
error: The sandbox is not in sync with the Podfile.lock. Run 'pod install' or update your CocoaPods installation.
EOM
    exit 1
fi
</string>
			<key>showEnvVarsInLog</key>
			<string>0</string>
		</dict>
	</dict>
	<key>rootObject</key>
	<string>B02E75E51C16104900D1971D</string>
</dict>
</plist>
